// !$*UTF8*$!
{
	archiveVersion = 1;
	classes = {
	};
	objectVersion = 46;
	objects = {

/* Begin PBXBuildFile section */
		E54B2FF51DD98E3F00EC08E4 /* BaseNavigationController.m in Sources */ = {isa = PBXBuildFile; fileRef = E54B2FF41DD98E3F00EC08E4 /* BaseNavigationController.m */; };
		E54B301A1DD99A8000EC08E4 /* MKAnnotationView+WebCache.m in Sources */ = {isa = PBXBuildFile; fileRef = E54B2FFA1DD99A8000EC08E4 /* MKAnnotationView+WebCache.m */; };
		E54B301B1DD99A8000EC08E4 /* NSData+ImageContentType.m in Sources */ = {isa = PBXBuildFile; fileRef = E54B2FFC1DD99A8000EC08E4 /* NSData+ImageContentType.m */; };
		E54B301C1DD99A8000EC08E4 /* SDImageCache.m in Sources */ = {isa = PBXBuildFile; fileRef = E54B2FFE1DD99A8000EC08E4 /* SDImageCache.m */; };
		E54B301D1DD99A8000EC08E4 /* SDWebImageCompat.m in Sources */ = {isa = PBXBuildFile; fileRef = E54B30001DD99A8000EC08E4 /* SDWebImageCompat.m */; };
		E54B301E1DD99A8000EC08E4 /* SDWebImageDecoder.m in Sources */ = {isa = PBXBuildFile; fileRef = E54B30021DD99A8000EC08E4 /* SDWebImageDecoder.m */; };
		E54B301F1DD99A8000EC08E4 /* SDWebImageDownloader.m in Sources */ = {isa = PBXBuildFile; fileRef = E54B30041DD99A8000EC08E4 /* SDWebImageDownloader.m */; };
		E54B30201DD99A8000EC08E4 /* SDWebImageDownloaderOperation.m in Sources */ = {isa = PBXBuildFile; fileRef = E54B30061DD99A8000EC08E4 /* SDWebImageDownloaderOperation.m */; };
		E54B30211DD99A8000EC08E4 /* SDWebImageManager.m in Sources */ = {isa = PBXBuildFile; fileRef = E54B30081DD99A8000EC08E4 /* SDWebImageManager.m */; };
		E54B30221DD99A8000EC08E4 /* SDWebImagePrefetcher.m in Sources */ = {isa = PBXBuildFile; fileRef = E54B300B1DD99A8000EC08E4 /* SDWebImagePrefetcher.m */; };
		E54B30231DD99A8000EC08E4 /* UIButton+WebCache.m in Sources */ = {isa = PBXBuildFile; fileRef = E54B300D1DD99A8000EC08E4 /* UIButton+WebCache.m */; };
		E54B30241DD99A8000EC08E4 /* UIImage+GIF.m in Sources */ = {isa = PBXBuildFile; fileRef = E54B300F1DD99A8000EC08E4 /* UIImage+GIF.m */; };
		E54B30251DD99A8000EC08E4 /* UIImage+MultiFormat.m in Sources */ = {isa = PBXBuildFile; fileRef = E54B30111DD99A8000EC08E4 /* UIImage+MultiFormat.m */; };
		E54B30261DD99A8000EC08E4 /* UIImage+WebP.m in Sources */ = {isa = PBXBuildFile; fileRef = E54B30131DD99A8000EC08E4 /* UIImage+WebP.m */; };
		E54B30271DD99A8000EC08E4 /* UIImageView+HighlightedWebCache.m in Sources */ = {isa = PBXBuildFile; fileRef = E54B30151DD99A8000EC08E4 /* UIImageView+HighlightedWebCache.m */; };
		E54B30281DD99A8000EC08E4 /* UIImageView+WebCache.m in Sources */ = {isa = PBXBuildFile; fileRef = E54B30171DD99A8000EC08E4 /* UIImageView+WebCache.m */; };
		E54B30291DD99A8000EC08E4 /* UIView+WebCacheOperation.m in Sources */ = {isa = PBXBuildFile; fileRef = E54B30191DD99A8000EC08E4 /* UIView+WebCacheOperation.m */; };
		E54B302D1DD99E1700EC08E4 /* loading.gif in Resources */ = {isa = PBXBuildFile; fileRef = E54B302C1DD99E1700EC08E4 /* loading.gif */; };
		E54ED4F91DD3219A0088C066 /* CourseTableCell.m in Sources */ = {isa = PBXBuildFile; fileRef = E54ED4EA1DD3219A0088C066 /* CourseTableCell.m */; };
		E54ED4FA1DD3219A0088C066 /* CourseTableViewContrl.m in Sources */ = {isa = PBXBuildFile; fileRef = E54ED4EC1DD3219A0088C066 /* CourseTableViewContrl.m */; };
		E54ED4FC1DD3219A0088C066 /* MobilePlayerViewContrl.m in Sources */ = {isa = PBXBuildFile; fileRef = E54ED4F01DD3219A0088C066 /* MobilePlayerViewContrl.m */; };
		E54ED4FD1DD3219A0088C066 /* MovieControlsView.m in Sources */ = {isa = PBXBuildFile; fileRef = E54ED4F21DD3219A0088C066 /* MovieControlsView.m */; };
		E54ED4FE1DD3219A0088C066 /* myhintView.m in Sources */ = {isa = PBXBuildFile; fileRef = E54ED4F41DD3219A0088C066 /* myhintView.m */; };
		E54ED5001DD3219A0088C066 /* topBackView.m in Sources */ = {isa = PBXBuildFile; fileRef = E54ED4F81DD3219A0088C066 /* topBackView.m */; };
		E54ED5091DD3235A0088C066 /* AMProgressView.m in Sources */ = {isa = PBXBuildFile; fileRef = E54ED5061DD3235A0088C066 /* AMProgressView.m */; };
		E54ED50A1DD3235A0088C066 /* AMProgressViewGradient.m in Sources */ = {isa = PBXBuildFile; fileRef = E54ED5081DD3235A0088C066 /* AMProgressViewGradient.m */; };
		E54ED5111DD32A590088C066 /* PlayerViewController.m in Sources */ = {isa = PBXBuildFile; fileRef = E54ED5101DD32A590088C066 /* PlayerViewController.m */; };
		E577F0A01D8FD8E900CAD0BE /* main.m in Sources */ = {isa = PBXBuildFile; fileRef = E577F09F1D8FD8E900CAD0BE /* main.m */; };
		E577F0A31D8FD8E900CAD0BE /* AppDelegate.m in Sources */ = {isa = PBXBuildFile; fileRef = E577F0A21D8FD8E900CAD0BE /* AppDelegate.m */; };
		E577F0AB1D8FD8E900CAD0BE /* Assets.xcassets in Resources */ = {isa = PBXBuildFile; fileRef = E577F0AA1D8FD8E900CAD0BE /* Assets.xcassets */; };
		E577F0AE1D8FD8E900CAD0BE /* LaunchScreen.storyboard in Resources */ = {isa = PBXBuildFile; fileRef = E577F0AC1D8FD8E900CAD0BE /* LaunchScreen.storyboard */; };
		E577F0C61D8FDBBB00CAD0BE /* MainViewCtrl.m in Sources */ = {isa = PBXBuildFile; fileRef = E577F0C51D8FDBBB00CAD0BE /* MainViewCtrl.m */; };
		E577F0CF1D8FE56100CAD0BE /* MainTableViewCell.m in Sources */ = {isa = PBXBuildFile; fileRef = E577F0CD1D8FE56100CAD0BE /* MainTableViewCell.m */; };
		E577F0D01D8FE56100CAD0BE /* MainTableViewCell.xib in Resources */ = {isa = PBXBuildFile; fileRef = E577F0CE1D8FE56100CAD0BE /* MainTableViewCell.xib */; };
		E577F0D31D8FECDB00CAD0BE /* DownloadViewCtrl.m in Sources */ = {isa = PBXBuildFile; fileRef = E577F0D21D8FECDB00CAD0BE /* DownloadViewCtrl.m */; };
		E5A424191D9222FA00AEA1B5 /* BaseModel.m in Sources */ = {isa = PBXBuildFile; fileRef = E5A424001D9222FA00AEA1B5 /* BaseModel.m */; };
		E5A4241A1D9222FA00AEA1B5 /* FileModel.m in Sources */ = {isa = PBXBuildFile; fileRef = E5A424021D9222FA00AEA1B5 /* FileModel.m */; };
		E5A4241B1D9222FA00AEA1B5 /* FilesDownManage.m in Sources */ = {isa = PBXBuildFile; fileRef = E5A424041D9222FA00AEA1B5 /* FilesDownManage.m */; };
		E5A4241C1D9222FA00AEA1B5 /* FMDatabase.m in Sources */ = {isa = PBXBuildFile; fileRef = E5A424071D9222FA00AEA1B5 /* FMDatabase.m */; };
		E5A4241D1D9222FA00AEA1B5 /* FMDatabaseAdditions.m in Sources */ = {isa = PBXBuildFile; fileRef = E5A424091D9222FA00AEA1B5 /* FMDatabaseAdditions.m */; };
		E5A4241E1D9222FA00AEA1B5 /* FMDatabasePool.m in Sources */ = {isa = PBXBuildFile; fileRef = E5A4240B1D9222FA00AEA1B5 /* FMDatabasePool.m */; };
		E5A4241F1D9222FA00AEA1B5 /* FMDatabaseQueue.m in Sources */ = {isa = PBXBuildFile; fileRef = E5A4240D1D9222FA00AEA1B5 /* FMDatabaseQueue.m */; };
		E5A424201D9222FA00AEA1B5 /* FMResultSet.m in Sources */ = {isa = PBXBuildFile; fileRef = E5A424101D9222FA00AEA1B5 /* FMResultSet.m */; };
		E5A424211D9222FA00AEA1B5 /* Info.plist in Resources */ = {isa = PBXBuildFile; fileRef = E5A424111D9222FA00AEA1B5 /* Info.plist */; };
		E5A424221D9222FA00AEA1B5 /* UserModel.m in Sources */ = {isa = PBXBuildFile; fileRef = E5A424141D9222FA00AEA1B5 /* UserModel.m */; };
		E5A424231D9222FA00AEA1B5 /* ZDBHelper.m in Sources */ = {isa = PBXBuildFile; fileRef = E5A424161D9222FA00AEA1B5 /* ZDBHelper.m */; };
		E5A424241D9222FA00AEA1B5 /* ZDBModel.m in Sources */ = {isa = PBXBuildFile; fileRef = E5A424181D9222FA00AEA1B5 /* ZDBModel.m */; };
		E5A424261D92231F00AEA1B5 /* libsqlite3.0.tbd in Frameworks */ = {isa = PBXBuildFile; fileRef = E5A424251D92231F00AEA1B5 /* libsqlite3.0.tbd */; };
		E5A424291D922E7100AEA1B5 /* DownloadModel.m in Sources */ = {isa = PBXBuildFile; fileRef = E5A424281D922E7100AEA1B5 /* DownloadModel.m */; };
		E5B424C71D90F2F000FCB78F /* ASIAuthenticationDialog.m in Sources */ = {isa = PBXBuildFile; fileRef = E5B424B41D90F2F000FCB78F /* ASIAuthenticationDialog.m */; settings = {COMPILER_FLAGS = "-fno-objc-arc"; }; };
		E5B424C81D90F2F000FCB78F /* ASIDataCompressor.m in Sources */ = {isa = PBXBuildFile; fileRef = E5B424B71D90F2F000FCB78F /* ASIDataCompressor.m */; settings = {COMPILER_FLAGS = "-fno-objc-arc"; }; };
		E5B424C91D90F2F000FCB78F /* ASIDataDecompressor.m in Sources */ = {isa = PBXBuildFile; fileRef = E5B424B91D90F2F000FCB78F /* ASIDataDecompressor.m */; settings = {COMPILER_FLAGS = "-fno-objc-arc"; }; };
		E5B424CA1D90F2F000FCB78F /* ASIDownloadCache.m in Sources */ = {isa = PBXBuildFile; fileRef = E5B424BB1D90F2F000FCB78F /* ASIDownloadCache.m */; settings = {COMPILER_FLAGS = "-fno-objc-arc"; }; };
		E5B424CB1D90F2F000FCB78F /* ASIFormDataRequest.m in Sources */ = {isa = PBXBuildFile; fileRef = E5B424BD1D90F2F000FCB78F /* ASIFormDataRequest.m */; settings = {COMPILER_FLAGS = "-fno-objc-arc"; }; };
		E5B424CC1D90F2F000FCB78F /* ASIHTTPRequest.m in Sources */ = {isa = PBXBuildFile; fileRef = E5B424BF1D90F2F000FCB78F /* ASIHTTPRequest.m */; settings = {COMPILER_FLAGS = "-fno-objc-arc"; }; };
		E5B424CD1D90F2F000FCB78F /* ASIInputStream.m in Sources */ = {isa = PBXBuildFile; fileRef = E5B424C31D90F2F000FCB78F /* ASIInputStream.m */; settings = {COMPILER_FLAGS = "-fno-objc-arc"; }; };
		E5B424CE1D90F2F000FCB78F /* ASINetworkQueue.m in Sources */ = {isa = PBXBuildFile; fileRef = E5B424C51D90F2F000FCB78F /* ASINetworkQueue.m */; settings = {COMPILER_FLAGS = "-fno-objc-arc"; }; };
		E5B424D01D910DA800FCB78F /* libz.tbd in Frameworks */ = {isa = PBXBuildFile; fileRef = E5B424CF1D910DA800FCB78F /* libz.tbd */; };
		E5B424D21D910DB000FCB78F /* SystemConfiguration.framework in Frameworks */ = {isa = PBXBuildFile; fileRef = E5B424D11D910DB000FCB78F /* SystemConfiguration.framework */; };
		E5B424D41D910DC200FCB78F /* MobileCoreServices.framework in Frameworks */ = {isa = PBXBuildFile; fileRef = E5B424D31D910DC200FCB78F /* MobileCoreServices.framework */; };
		E5B424D61D910DC900FCB78F /* CFNetwork.framework in Frameworks */ = {isa = PBXBuildFile; fileRef = E5B424D51D910DC900FCB78F /* CFNetwork.framework */; };
		E5B424D81D910E4800FCB78F /* CoreGraphics.framework in Frameworks */ = {isa = PBXBuildFile; fileRef = E5B424D71D910E4800FCB78F /* CoreGraphics.framework */; };
		E5B424DA1D910E9800FCB78F /* libxml2.tbd in Frameworks */ = {isa = PBXBuildFile; fileRef = E5B424D91D910E9800FCB78F /* libxml2.tbd */; };
		E5B424DE1D91120700FCB78F /* Reachability.m in Sources */ = {isa = PBXBuildFile; fileRef = E5B424DD1D91120700FCB78F /* Reachability.m */; };
		E5B424E21D9112F900FCB78F /* DownloadingCell.m in Sources */ = {isa = PBXBuildFile; fileRef = E5B424E01D9112F900FCB78F /* DownloadingCell.m */; };
		E5B424E31D9112F900FCB78F /* DownloadingCell.xib in Resources */ = {isa = PBXBuildFile; fileRef = E5B424E11D9112F900FCB78F /* DownloadingCell.xib */; };
		E5B424E71D91131500FCB78F /* DownloadedCell.m in Sources */ = {isa = PBXBuildFile; fileRef = E5B424E51D91131500FCB78F /* DownloadedCell.m */; };
		E5B424E81D91131500FCB78F /* DownloadedCell.xib in Resources */ = {isa = PBXBuildFile; fileRef = E5B424E61D91131500FCB78F /* DownloadedCell.xib */; };
		E5D669D11DD40E3900810600 /* mobileMPMoviePlayerContrl.m in Sources */ = {isa = PBXBuildFile; fileRef = E5D669D01DD40E3900810600 /* mobileMPMoviePlayerContrl.m */; };
		E5D669FB1DD417F800810600 /* back.png in Resources */ = {isa = PBXBuildFile; fileRef = E5D669D31DD417F800810600 /* back.png */; };
		E5D669FC1DD417F800810600 /* fast.png in Resources */ = {isa = PBXBuildFile; fileRef = E5D669D41DD417F800810600 /* fast.png */; };
		E5D669FD1DD417F800810600 /* init_html_off.png in Resources */ = {isa = PBXBuildFile; fileRef = E5D669D51DD417F800810600 /* init_html_off.png */; };
		E5D669FE1DD417F800810600 /* init_html_on.png in Resources */ = {isa = PBXBuildFile; fileRef = E5D669D61DD417F800810600 /* init_html_on.png */; };
		E5D669FF1DD417F800810600 /* light.png in Resources */ = {isa = PBXBuildFile; fileRef = E5D669D71DD417F800810600 /* light.png */; };
		E5D66A001DD417F800810600 /* point.png in Resources */ = {isa = PBXBuildFile; fileRef = E5D669D81DD417F800810600 /* point.png */; };
		E5D66A011DD417F800810600 /* point0.png in Resources */ = {isa = PBXBuildFile; fileRef = E5D669D91DD417F800810600 /* point0.png */; };
		E5D66A021DD417F800810600 /* progress.png in Resources */ = {isa = PBXBuildFile; fileRef = E5D669DA1DD417F800810600 /* progress.png */; };
		E5D66A031DD417F800810600 /* progress0.png in Resources */ = {isa = PBXBuildFile; fileRef = E5D669DB1DD417F800810600 /* progress0.png */; };
		E5D66A041DD417F800810600 /* progress_cross.png in Resources */ = {isa = PBXBuildFile; fileRef = E5D669DC1DD417F800810600 /* progress_cross.png */; };
		E5D66A051DD417F800810600 /* progress_cross_o.png in Resources */ = {isa = PBXBuildFile; fileRef = E5D669DD1DD417F800810600 /* progress_cross_o.png */; };
		E5D66A061DD417F800810600 /* progress_cross_ok.png in Resources */ = {isa = PBXBuildFile; fileRef = E5D669DE1DD417F800810600 /* progress_cross_ok.png */; };
		E5D66A071DD417F800810600 /* progress_point.png in Resources */ = {isa = PBXBuildFile; fileRef = E5D669DF1DD417F800810600 /* progress_point.png */; };
		E5D66A081DD417F800810600 /* suspended.png in Resources */ = {isa = PBXBuildFile; fileRef = E5D669E01DD417F800810600 /* suspended.png */; };
		E5D66A091DD417F800810600 /* suspended0.png in Resources */ = {isa = PBXBuildFile; fileRef = E5D669E11DD417F800810600 /* suspended0.png */; };
		E5D66A0A1DD417F800810600 /* video_back.png in Resources */ = {isa = PBXBuildFile; fileRef = E5D669E21DD417F800810600 /* video_back.png */; };
		E5D66A0B1DD417F800810600 /* video_back_b.png in Resources */ = {isa = PBXBuildFile; fileRef = E5D669E31DD417F800810600 /* video_back_b.png */; };
		E5D66A0C1DD417F800810600 /* video_back_b0.png in Resources */ = {isa = PBXBuildFile; fileRef = E5D669E41DD417F800810600 /* video_back_b0.png */; };
		E5D66A0D1DD417F800810600 /* video_directory.png in Resources */ = {isa = PBXBuildFile; fileRef = E5D669E51DD417F800810600 /* video_directory.png */; };
		E5D66A0E1DD417F800810600 /* video_directory0.png in Resources */ = {isa = PBXBuildFile; fileRef = E5D669E61DD417F800810600 /* video_directory0.png */; };
		E5D66A0F1DD417F800810600 /* video_episode.png in Resources */ = {isa = PBXBuildFile; fileRef = E5D669E71DD417F800810600 /* video_episode.png */; };
		E5D66A101DD417F800810600 /* video_episode0.png in Resources */ = {isa = PBXBuildFile; fileRef = E5D669E81DD417F800810600 /* video_episode0.png */; };
		E5D66A111DD417F800810600 /* video_lock.png in Resources */ = {isa = PBXBuildFile; fileRef = E5D669E91DD417F800810600 /* video_lock.png */; };
		E5D66A121DD417F800810600 /* video_lock0.png in Resources */ = {isa = PBXBuildFile; fileRef = E5D669EA1DD417F800810600 /* video_lock0.png */; };
		E5D66A131DD417F800810600 /* video_lock_no.png in Resources */ = {isa = PBXBuildFile; fileRef = E5D669EB1DD417F800810600 /* video_lock_no.png */; };
		E5D66A141DD417F800810600 /* video_lock_no0.png in Resources */ = {isa = PBXBuildFile; fileRef = E5D669EC1DD417F800810600 /* video_lock_no0.png */; };
		E5D66A151DD417F800810600 /* video_max.png in Resources */ = {isa = PBXBuildFile; fileRef = E5D669ED1DD417F800810600 /* video_max.png */; };
		E5D66A161DD417F800810600 /* video_max0.png in Resources */ = {isa = PBXBuildFile; fileRef = E5D669EE1DD417F800810600 /* video_max0.png */; };
		E5D66A171DD417F800810600 /* video_min.png in Resources */ = {isa = PBXBuildFile; fileRef = E5D669EF1DD417F800810600 /* video_min.png */; };
		E5D66A181DD417F800810600 /* video_min0.png in Resources */ = {isa = PBXBuildFile; fileRef = E5D669F01DD417F800810600 /* video_min0.png */; };
		E5D66A191DD417F800810600 /* video_next.png in Resources */ = {isa = PBXBuildFile; fileRef = E5D669F11DD417F800810600 /* video_next.png */; };
		E5D66A1A1DD417F800810600 /* video_next0.png in Resources */ = {isa = PBXBuildFile; fileRef = E5D669F21DD417F800810600 /* video_next0.png */; };
		E5D66A1B1DD417F800810600 /* video_play.png in Resources */ = {isa = PBXBuildFile; fileRef = E5D669F31DD417F800810600 /* video_play.png */; };
		E5D66A1C1DD417F800810600 /* video_play0.png in Resources */ = {isa = PBXBuildFile; fileRef = E5D669F41DD417F800810600 /* video_play0.png */; };
		E5D66A1D1DD417F800810600 /* video_play_x.png in Resources */ = {isa = PBXBuildFile; fileRef = E5D669F51DD417F800810600 /* video_play_x.png */; };
		E5D66A1E1DD417F800810600 /* video_play_x0.png in Resources */ = {isa = PBXBuildFile; fileRef = E5D669F61DD417F800810600 /* video_play_x0.png */; };
		E5D66A1F1DD417F800810600 /* video_suspended.png in Resources */ = {isa = PBXBuildFile; fileRef = E5D669F71DD417F800810600 /* video_suspended.png */; };
		E5D66A201DD417F800810600 /* video_suspended0.png in Resources */ = {isa = PBXBuildFile; fileRef = E5D669F81DD417F800810600 /* video_suspended0.png */; };
		E5D66A211DD417F800810600 /* voice.png in Resources */ = {isa = PBXBuildFile; fileRef = E5D669F91DD417F800810600 /* voice.png */; };
		E5D66A221DD417F800810600 /* voice_no.png in Resources */ = {isa = PBXBuildFile; fileRef = E5D669FA1DD417F800810600 /* voice_no.png */; };
		E5D66A251DD4554E00810600 /* GlobalData.m in Sources */ = {isa = PBXBuildFile; fileRef = E5D66A241DD4554E00810600 /* GlobalData.m */; };
		E5D66A271DD45D4600810600 /* wildAnimal.mp4 in Resources */ = {isa = PBXBuildFile; fileRef = E5D66A261DD45D4600810600 /* wildAnimal.mp4 */; };
/* End PBXBuildFile section */

/* Begin PBXFileReference section */
		E54B2FF31DD98E3F00EC08E4 /* BaseNavigationController.h */ = {isa = PBXFileReference; fileEncoding = 4; lastKnownFileType = sourcecode.c.h; path = BaseNavigationController.h; sourceTree = "<group>"; };
		E54B2FF41DD98E3F00EC08E4 /* BaseNavigationController.m */ = {isa = PBXFileReference; fileEncoding = 4; lastKnownFileType = sourcecode.c.objc; path = BaseNavigationController.m; sourceTree = "<group>"; };
		E54B2FF91DD99A8000EC08E4 /* MKAnnotationView+WebCache.h */ = {isa = PBXFileReference; fileEncoding = 4; lastKnownFileType = sourcecode.c.h; path = "MKAnnotationView+WebCache.h"; sourceTree = "<group>"; };
		E54B2FFA1DD99A8000EC08E4 /* MKAnnotationView+WebCache.m */ = {isa = PBXFileReference; fileEncoding = 4; lastKnownFileType = sourcecode.c.objc; path = "MKAnnotationView+WebCache.m"; sourceTree = "<group>"; };
		E54B2FFB1DD99A8000EC08E4 /* NSData+ImageContentType.h */ = {isa = PBXFileReference; fileEncoding = 4; lastKnownFileType = sourcecode.c.h; path = "NSData+ImageContentType.h"; sourceTree = "<group>"; };
		E54B2FFC1DD99A8000EC08E4 /* NSData+ImageContentType.m */ = {isa = PBXFileReference; fileEncoding = 4; lastKnownFileType = sourcecode.c.objc; path = "NSData+ImageContentType.m"; sourceTree = "<group>"; };
		E54B2FFD1DD99A8000EC08E4 /* SDImageCache.h */ = {isa = PBXFileReference; fileEncoding = 4; lastKnownFileType = sourcecode.c.h; path = SDImageCache.h; sourceTree = "<group>"; };
		E54B2FFE1DD99A8000EC08E4 /* SDImageCache.m */ = {isa = PBXFileReference; fileEncoding = 4; lastKnownFileType = sourcecode.c.objc; path = SDImageCache.m; sourceTree = "<group>"; };
		E54B2FFF1DD99A8000EC08E4 /* SDWebImageCompat.h */ = {isa = PBXFileReference; fileEncoding = 4; lastKnownFileType = sourcecode.c.h; path = SDWebImageCompat.h; sourceTree = "<group>"; };
		E54B30001DD99A8000EC08E4 /* SDWebImageCompat.m */ = {isa = PBXFileReference; fileEncoding = 4; lastKnownFileType = sourcecode.c.objc; path = SDWebImageCompat.m; sourceTree = "<group>"; };
		E54B30011DD99A8000EC08E4 /* SDWebImageDecoder.h */ = {isa = PBXFileReference; fileEncoding = 4; lastKnownFileType = sourcecode.c.h; path = SDWebImageDecoder.h; sourceTree = "<group>"; };
		E54B30021DD99A8000EC08E4 /* SDWebImageDecoder.m */ = {isa = PBXFileReference; fileEncoding = 4; lastKnownFileType = sourcecode.c.objc; path = SDWebImageDecoder.m; sourceTree = "<group>"; };
		E54B30031DD99A8000EC08E4 /* SDWebImageDownloader.h */ = {isa = PBXFileReference; fileEncoding = 4; lastKnownFileType = sourcecode.c.h; path = SDWebImageDownloader.h; sourceTree = "<group>"; };
		E54B30041DD99A8000EC08E4 /* SDWebImageDownloader.m */ = {isa = PBXFileReference; fileEncoding = 4; lastKnownFileType = sourcecode.c.objc; path = SDWebImageDownloader.m; sourceTree = "<group>"; };
		E54B30051DD99A8000EC08E4 /* SDWebImageDownloaderOperation.h */ = {isa = PBXFileReference; fileEncoding = 4; lastKnownFileType = sourcecode.c.h; path = SDWebImageDownloaderOperation.h; sourceTree = "<group>"; };
		E54B30061DD99A8000EC08E4 /* SDWebImageDownloaderOperation.m */ = {isa = PBXFileReference; fileEncoding = 4; lastKnownFileType = sourcecode.c.objc; path = SDWebImageDownloaderOperation.m; sourceTree = "<group>"; };
		E54B30071DD99A8000EC08E4 /* SDWebImageManager.h */ = {isa = PBXFileReference; fileEncoding = 4; lastKnownFileType = sourcecode.c.h; path = SDWebImageManager.h; sourceTree = "<group>"; };
		E54B30081DD99A8000EC08E4 /* SDWebImageManager.m */ = {isa = PBXFileReference; fileEncoding = 4; lastKnownFileType = sourcecode.c.objc; path = SDWebImageManager.m; sourceTree = "<group>"; };
		E54B30091DD99A8000EC08E4 /* SDWebImageOperation.h */ = {isa = PBXFileReference; fileEncoding = 4; lastKnownFileType = sourcecode.c.h; path = SDWebImageOperation.h; sourceTree = "<group>"; };
		E54B300A1DD99A8000EC08E4 /* SDWebImagePrefetcher.h */ = {isa = PBXFileReference; fileEncoding = 4; lastKnownFileType = sourcecode.c.h; path = SDWebImagePrefetcher.h; sourceTree = "<group>"; };
		E54B300B1DD99A8000EC08E4 /* SDWebImagePrefetcher.m */ = {isa = PBXFileReference; fileEncoding = 4; lastKnownFileType = sourcecode.c.objc; path = SDWebImagePrefetcher.m; sourceTree = "<group>"; };
		E54B300C1DD99A8000EC08E4 /* UIButton+WebCache.h */ = {isa = PBXFileReference; fileEncoding = 4; lastKnownFileType = sourcecode.c.h; path = "UIButton+WebCache.h"; sourceTree = "<group>"; };
		E54B300D1DD99A8000EC08E4 /* UIButton+WebCache.m */ = {isa = PBXFileReference; fileEncoding = 4; lastKnownFileType = sourcecode.c.objc; path = "UIButton+WebCache.m"; sourceTree = "<group>"; };
		E54B300E1DD99A8000EC08E4 /* UIImage+GIF.h */ = {isa = PBXFileReference; fileEncoding = 4; lastKnownFileType = sourcecode.c.h; path = "UIImage+GIF.h"; sourceTree = "<group>"; };
		E54B300F1DD99A8000EC08E4 /* UIImage+GIF.m */ = {isa = PBXFileReference; fileEncoding = 4; lastKnownFileType = sourcecode.c.objc; path = "UIImage+GIF.m"; sourceTree = "<group>"; };
		E54B30101DD99A8000EC08E4 /* UIImage+MultiFormat.h */ = {isa = PBXFileReference; fileEncoding = 4; lastKnownFileType = sourcecode.c.h; path = "UIImage+MultiFormat.h"; sourceTree = "<group>"; };
		E54B30111DD99A8000EC08E4 /* UIImage+MultiFormat.m */ = {isa = PBXFileReference; fileEncoding = 4; lastKnownFileType = sourcecode.c.objc; path = "UIImage+MultiFormat.m"; sourceTree = "<group>"; };
		E54B30121DD99A8000EC08E4 /* UIImage+WebP.h */ = {isa = PBXFileReference; fileEncoding = 4; lastKnownFileType = sourcecode.c.h; path = "UIImage+WebP.h"; sourceTree = "<group>"; };
		E54B30131DD99A8000EC08E4 /* UIImage+WebP.m */ = {isa = PBXFileReference; fileEncoding = 4; lastKnownFileType = sourcecode.c.objc; path = "UIImage+WebP.m"; sourceTree = "<group>"; };
		E54B30141DD99A8000EC08E4 /* UIImageView+HighlightedWebCache.h */ = {isa = PBXFileReference; fileEncoding = 4; lastKnownFileType = sourcecode.c.h; path = "UIImageView+HighlightedWebCache.h"; sourceTree = "<group>"; };
		E54B30151DD99A8000EC08E4 /* UIImageView+HighlightedWebCache.m */ = {isa = PBXFileReference; fileEncoding = 4; lastKnownFileType = sourcecode.c.objc; path = "UIImageView+HighlightedWebCache.m"; sourceTree = "<group>"; };
		E54B30161DD99A8000EC08E4 /* UIImageView+WebCache.h */ = {isa = PBXFileReference; fileEncoding = 4; lastKnownFileType = sourcecode.c.h; path = "UIImageView+WebCache.h"; sourceTree = "<group>"; };
		E54B30171DD99A8000EC08E4 /* UIImageView+WebCache.m */ = {isa = PBXFileReference; fileEncoding = 4; lastKnownFileType = sourcecode.c.objc; path = "UIImageView+WebCache.m"; sourceTree = "<group>"; };
		E54B30181DD99A8000EC08E4 /* UIView+WebCacheOperation.h */ = {isa = PBXFileReference; fileEncoding = 4; lastKnownFileType = sourcecode.c.h; path = "UIView+WebCacheOperation.h"; sourceTree = "<group>"; };
		E54B30191DD99A8000EC08E4 /* UIView+WebCacheOperation.m */ = {isa = PBXFileReference; fileEncoding = 4; lastKnownFileType = sourcecode.c.objc; path = "UIView+WebCacheOperation.m"; sourceTree = "<group>"; };
		E54B302C1DD99E1700EC08E4 /* loading.gif */ = {isa = PBXFileReference; lastKnownFileType = image.gif; path = loading.gif; sourceTree = "<group>"; };
		E54ED4E91DD3219A0088C066 /* CourseTableCell.h */ = {isa = PBXFileReference; fileEncoding = 4; lastKnownFileType = sourcecode.c.h; path = CourseTableCell.h; sourceTree = "<group>"; };
		E54ED4EA1DD3219A0088C066 /* CourseTableCell.m */ = {isa = PBXFileReference; fileEncoding = 4; lastKnownFileType = sourcecode.c.objc; path = CourseTableCell.m; sourceTree = "<group>"; };
		E54ED4EB1DD3219A0088C066 /* CourseTableViewContrl.h */ = {isa = PBXFileReference; fileEncoding = 4; lastKnownFileType = sourcecode.c.h; path = CourseTableViewContrl.h; sourceTree = "<group>"; };
		E54ED4EC1DD3219A0088C066 /* CourseTableViewContrl.m */ = {isa = PBXFileReference; fileEncoding = 4; lastKnownFileType = sourcecode.c.objc; path = CourseTableViewContrl.m; sourceTree = "<group>"; };
		E54ED4EF1DD3219A0088C066 /* MobilePlayerViewContrl.h */ = {isa = PBXFileReference; fileEncoding = 4; lastKnownFileType = sourcecode.c.h; path = MobilePlayerViewContrl.h; sourceTree = "<group>"; };
		E54ED4F01DD3219A0088C066 /* MobilePlayerViewContrl.m */ = {isa = PBXFileReference; fileEncoding = 4; lastKnownFileType = sourcecode.c.objc; path = MobilePlayerViewContrl.m; sourceTree = "<group>"; };
		E54ED4F11DD3219A0088C066 /* MovieControlsView.h */ = {isa = PBXFileReference; fileEncoding = 4; lastKnownFileType = sourcecode.c.h; path = MovieControlsView.h; sourceTree = "<group>"; };
		E54ED4F21DD3219A0088C066 /* MovieControlsView.m */ = {isa = PBXFileReference; fileEncoding = 4; lastKnownFileType = sourcecode.c.objc; path = MovieControlsView.m; sourceTree = "<group>"; };
		E54ED4F31DD3219A0088C066 /* myhintView.h */ = {isa = PBXFileReference; fileEncoding = 4; lastKnownFileType = sourcecode.c.h; path = myhintView.h; sourceTree = "<group>"; };
		E54ED4F41DD3219A0088C066 /* myhintView.m */ = {isa = PBXFileReference; fileEncoding = 4; lastKnownFileType = sourcecode.c.objc; path = myhintView.m; sourceTree = "<group>"; };
		E54ED4F71DD3219A0088C066 /* topBackView.h */ = {isa = PBXFileReference; fileEncoding = 4; lastKnownFileType = sourcecode.c.h; path = topBackView.h; sourceTree = "<group>"; };
		E54ED4F81DD3219A0088C066 /* topBackView.m */ = {isa = PBXFileReference; fileEncoding = 4; lastKnownFileType = sourcecode.c.objc; path = topBackView.m; sourceTree = "<group>"; };
		E54ED5051DD3235A0088C066 /* AMProgressView.h */ = {isa = PBXFileReference; fileEncoding = 4; lastKnownFileType = sourcecode.c.h; path = AMProgressView.h; sourceTree = "<group>"; };
		E54ED5061DD3235A0088C066 /* AMProgressView.m */ = {isa = PBXFileReference; fileEncoding = 4; lastKnownFileType = sourcecode.c.objc; path = AMProgressView.m; sourceTree = "<group>"; };
		E54ED5071DD3235A0088C066 /* AMProgressViewGradient.h */ = {isa = PBXFileReference; fileEncoding = 4; lastKnownFileType = sourcecode.c.h; path = AMProgressViewGradient.h; sourceTree = "<group>"; };
		E54ED5081DD3235A0088C066 /* AMProgressViewGradient.m */ = {isa = PBXFileReference; fileEncoding = 4; lastKnownFileType = sourcecode.c.objc; path = AMProgressViewGradient.m; sourceTree = "<group>"; };
		E54ED50F1DD32A590088C066 /* PlayerViewController.h */ = {isa = PBXFileReference; fileEncoding = 4; lastKnownFileType = sourcecode.c.h; path = PlayerViewController.h; sourceTree = "<group>"; };
		E54ED5101DD32A590088C066 /* PlayerViewController.m */ = {isa = PBXFileReference; fileEncoding = 4; lastKnownFileType = sourcecode.c.objc; path = PlayerViewController.m; sourceTree = "<group>"; };
		E577F09B1D8FD8E900CAD0BE /* BJPlayer.app */ = {isa = PBXFileReference; explicitFileType = wrapper.application; includeInIndex = 0; path = BJPlayer.app; sourceTree = BUILT_PRODUCTS_DIR; };
		E577F09F1D8FD8E900CAD0BE /* main.m */ = {isa = PBXFileReference; lastKnownFileType = sourcecode.c.objc; path = main.m; sourceTree = "<group>"; };
		E577F0A11D8FD8E900CAD0BE /* AppDelegate.h */ = {isa = PBXFileReference; lastKnownFileType = sourcecode.c.h; path = AppDelegate.h; sourceTree = "<group>"; };
		E577F0A21D8FD8E900CAD0BE /* AppDelegate.m */ = {isa = PBXFileReference; lastKnownFileType = sourcecode.c.objc; path = AppDelegate.m; sourceTree = "<group>"; };
		E577F0AA1D8FD8E900CAD0BE /* Assets.xcassets */ = {isa = PBXFileReference; lastKnownFileType = folder.assetcatalog; path = Assets.xcassets; sourceTree = "<group>"; };
		E577F0AD1D8FD8E900CAD0BE /* Base */ = {isa = PBXFileReference; lastKnownFileType = file.storyboard; name = Base; path = Base.lproj/LaunchScreen.storyboard; sourceTree = "<group>"; };
		E577F0AF1D8FD8E900CAD0BE /* Info.plist */ = {isa = PBXFileReference; lastKnownFileType = text.plist.xml; path = Info.plist; sourceTree = "<group>"; };
		E577F0C41D8FDBBB00CAD0BE /* MainViewCtrl.h */ = {isa = PBXFileReference; fileEncoding = 4; lastKnownFileType = sourcecode.c.h; path = MainViewCtrl.h; sourceTree = "<group>"; };
		E577F0C51D8FDBBB00CAD0BE /* MainViewCtrl.m */ = {isa = PBXFileReference; fileEncoding = 4; lastKnownFileType = sourcecode.c.objc; path = MainViewCtrl.m; sourceTree = "<group>"; };
		E577F0CC1D8FE56100CAD0BE /* MainTableViewCell.h */ = {isa = PBXFileReference; fileEncoding = 4; lastKnownFileType = sourcecode.c.h; path = MainTableViewCell.h; sourceTree = "<group>"; };
		E577F0CD1D8FE56100CAD0BE /* MainTableViewCell.m */ = {isa = PBXFileReference; fileEncoding = 4; lastKnownFileType = sourcecode.c.objc; path = MainTableViewCell.m; sourceTree = "<group>"; };
		E577F0CE1D8FE56100CAD0BE /* MainTableViewCell.xib */ = {isa = PBXFileReference; fileEncoding = 4; lastKnownFileType = file.xib; path = MainTableViewCell.xib; sourceTree = "<group>"; };
		E577F0D11D8FECDB00CAD0BE /* DownloadViewCtrl.h */ = {isa = PBXFileReference; fileEncoding = 4; lastKnownFileType = sourcecode.c.h; path = DownloadViewCtrl.h; sourceTree = "<group>"; };
		E577F0D21D8FECDB00CAD0BE /* DownloadViewCtrl.m */ = {isa = PBXFileReference; fileEncoding = 4; lastKnownFileType = sourcecode.c.objc; path = DownloadViewCtrl.m; sourceTree = "<group>"; };
		E5A423FF1D9222FA00AEA1B5 /* BaseModel.h */ = {isa = PBXFileReference; fileEncoding = 4; lastKnownFileType = sourcecode.c.h; path = BaseModel.h; sourceTree = "<group>"; };
		E5A424001D9222FA00AEA1B5 /* BaseModel.m */ = {isa = PBXFileReference; fileEncoding = 4; lastKnownFileType = sourcecode.c.objc; path = BaseModel.m; sourceTree = "<group>"; };
		E5A424011D9222FA00AEA1B5 /* FileModel.h */ = {isa = PBXFileReference; fileEncoding = 4; lastKnownFileType = sourcecode.c.h; path = FileModel.h; sourceTree = "<group>"; };
		E5A424021D9222FA00AEA1B5 /* FileModel.m */ = {isa = PBXFileReference; fileEncoding = 4; lastKnownFileType = sourcecode.c.objc; path = FileModel.m; sourceTree = "<group>"; };
		E5A424031D9222FA00AEA1B5 /* FilesDownManage.h */ = {isa = PBXFileReference; fileEncoding = 4; lastKnownFileType = sourcecode.c.h; path = FilesDownManage.h; sourceTree = "<group>"; };
		E5A424041D9222FA00AEA1B5 /* FilesDownManage.m */ = {isa = PBXFileReference; fileEncoding = 4; lastKnownFileType = sourcecode.c.objc; path = FilesDownManage.m; sourceTree = "<group>"; };
		E5A424061D9222FA00AEA1B5 /* FMDatabase.h */ = {isa = PBXFileReference; fileEncoding = 4; lastKnownFileType = sourcecode.c.h; path = FMDatabase.h; sourceTree = "<group>"; };
		E5A424071D9222FA00AEA1B5 /* FMDatabase.m */ = {isa = PBXFileReference; fileEncoding = 4; lastKnownFileType = sourcecode.c.objc; path = FMDatabase.m; sourceTree = "<group>"; };
		E5A424081D9222FA00AEA1B5 /* FMDatabaseAdditions.h */ = {isa = PBXFileReference; fileEncoding = 4; lastKnownFileType = sourcecode.c.h; path = FMDatabaseAdditions.h; sourceTree = "<group>"; };
		E5A424091D9222FA00AEA1B5 /* FMDatabaseAdditions.m */ = {isa = PBXFileReference; fileEncoding = 4; lastKnownFileType = sourcecode.c.objc; path = FMDatabaseAdditions.m; sourceTree = "<group>"; };
		E5A4240A1D9222FA00AEA1B5 /* FMDatabasePool.h */ = {isa = PBXFileReference; fileEncoding = 4; lastKnownFileType = sourcecode.c.h; path = FMDatabasePool.h; sourceTree = "<group>"; };
		E5A4240B1D9222FA00AEA1B5 /* FMDatabasePool.m */ = {isa = PBXFileReference; fileEncoding = 4; lastKnownFileType = sourcecode.c.objc; path = FMDatabasePool.m; sourceTree = "<group>"; };
		E5A4240C1D9222FA00AEA1B5 /* FMDatabaseQueue.h */ = {isa = PBXFileReference; fileEncoding = 4; lastKnownFileType = sourcecode.c.h; path = FMDatabaseQueue.h; sourceTree = "<group>"; };
		E5A4240D1D9222FA00AEA1B5 /* FMDatabaseQueue.m */ = {isa = PBXFileReference; fileEncoding = 4; lastKnownFileType = sourcecode.c.objc; path = FMDatabaseQueue.m; sourceTree = "<group>"; };
		E5A4240E1D9222FA00AEA1B5 /* FMDB.h */ = {isa = PBXFileReference; fileEncoding = 4; lastKnownFileType = sourcecode.c.h; path = FMDB.h; sourceTree = "<group>"; };
		E5A4240F1D9222FA00AEA1B5 /* FMResultSet.h */ = {isa = PBXFileReference; fileEncoding = 4; lastKnownFileType = sourcecode.c.h; path = FMResultSet.h; sourceTree = "<group>"; };
		E5A424101D9222FA00AEA1B5 /* FMResultSet.m */ = {isa = PBXFileReference; fileEncoding = 4; lastKnownFileType = sourcecode.c.objc; path = FMResultSet.m; sourceTree = "<group>"; };
		E5A424111D9222FA00AEA1B5 /* Info.plist */ = {isa = PBXFileReference; fileEncoding = 4; lastKnownFileType = text.plist.xml; path = Info.plist; sourceTree = "<group>"; };
		E5A424131D9222FA00AEA1B5 /* UserModel.h */ = {isa = PBXFileReference; fileEncoding = 4; lastKnownFileType = sourcecode.c.h; path = UserModel.h; sourceTree = "<group>"; };
		E5A424141D9222FA00AEA1B5 /* UserModel.m */ = {isa = PBXFileReference; fileEncoding = 4; lastKnownFileType = sourcecode.c.objc; path = UserModel.m; sourceTree = "<group>"; };
		E5A424151D9222FA00AEA1B5 /* ZDBHelper.h */ = {isa = PBXFileReference; fileEncoding = 4; lastKnownFileType = sourcecode.c.h; path = ZDBHelper.h; sourceTree = "<group>"; };
		E5A424161D9222FA00AEA1B5 /* ZDBHelper.m */ = {isa = PBXFileReference; fileEncoding = 4; lastKnownFileType = sourcecode.c.objc; path = ZDBHelper.m; sourceTree = "<group>"; };
		E5A424171D9222FA00AEA1B5 /* ZDBModel.h */ = {isa = PBXFileReference; fileEncoding = 4; lastKnownFileType = sourcecode.c.h; path = ZDBModel.h; sourceTree = "<group>"; };
		E5A424181D9222FA00AEA1B5 /* ZDBModel.m */ = {isa = PBXFileReference; fileEncoding = 4; lastKnownFileType = sourcecode.c.objc; path = ZDBModel.m; sourceTree = "<group>"; };
		E5A424251D92231F00AEA1B5 /* libsqlite3.0.tbd */ = {isa = PBXFileReference; lastKnownFileType = "sourcecode.text-based-dylib-definition"; name = libsqlite3.0.tbd; path = usr/lib/libsqlite3.0.tbd; sourceTree = SDKROOT; };
		E5A424271D922E7100AEA1B5 /* DownloadModel.h */ = {isa = PBXFileReference; fileEncoding = 4; lastKnownFileType = sourcecode.c.h; path = DownloadModel.h; sourceTree = "<group>"; };
		E5A424281D922E7100AEA1B5 /* DownloadModel.m */ = {isa = PBXFileReference; fileEncoding = 4; lastKnownFileType = sourcecode.c.objc; path = DownloadModel.m; sourceTree = "<group>"; };
		E5B424B31D90F2F000FCB78F /* ASIAuthenticationDialog.h */ = {isa = PBXFileReference; fileEncoding = 4; lastKnownFileType = sourcecode.c.h; path = ASIAuthenticationDialog.h; sourceTree = "<group>"; };
		E5B424B41D90F2F000FCB78F /* ASIAuthenticationDialog.m */ = {isa = PBXFileReference; fileEncoding = 4; lastKnownFileType = sourcecode.c.objc; path = ASIAuthenticationDialog.m; sourceTree = "<group>"; };
		E5B424B51D90F2F000FCB78F /* ASICacheDelegate.h */ = {isa = PBXFileReference; fileEncoding = 4; lastKnownFileType = sourcecode.c.h; path = ASICacheDelegate.h; sourceTree = "<group>"; };
		E5B424B61D90F2F000FCB78F /* ASIDataCompressor.h */ = {isa = PBXFileReference; fileEncoding = 4; lastKnownFileType = sourcecode.c.h; path = ASIDataCompressor.h; sourceTree = "<group>"; };
		E5B424B71D90F2F000FCB78F /* ASIDataCompressor.m */ = {isa = PBXFileReference; fileEncoding = 4; lastKnownFileType = sourcecode.c.objc; path = ASIDataCompressor.m; sourceTree = "<group>"; };
		E5B424B81D90F2F000FCB78F /* ASIDataDecompressor.h */ = {isa = PBXFileReference; fileEncoding = 4; lastKnownFileType = sourcecode.c.h; path = ASIDataDecompressor.h; sourceTree = "<group>"; };
		E5B424B91D90F2F000FCB78F /* ASIDataDecompressor.m */ = {isa = PBXFileReference; fileEncoding = 4; lastKnownFileType = sourcecode.c.objc; path = ASIDataDecompressor.m; sourceTree = "<group>"; };
		E5B424BA1D90F2F000FCB78F /* ASIDownloadCache.h */ = {isa = PBXFileReference; fileEncoding = 4; lastKnownFileType = sourcecode.c.h; path = ASIDownloadCache.h; sourceTree = "<group>"; };
		E5B424BB1D90F2F000FCB78F /* ASIDownloadCache.m */ = {isa = PBXFileReference; fileEncoding = 4; lastKnownFileType = sourcecode.c.objc; path = ASIDownloadCache.m; sourceTree = "<group>"; };
		E5B424BC1D90F2F000FCB78F /* ASIFormDataRequest.h */ = {isa = PBXFileReference; fileEncoding = 4; lastKnownFileType = sourcecode.c.h; path = ASIFormDataRequest.h; sourceTree = "<group>"; };
		E5B424BD1D90F2F000FCB78F /* ASIFormDataRequest.m */ = {isa = PBXFileReference; fileEncoding = 4; lastKnownFileType = sourcecode.c.objc; path = ASIFormDataRequest.m; sourceTree = "<group>"; };
		E5B424BE1D90F2F000FCB78F /* ASIHTTPRequest.h */ = {isa = PBXFileReference; fileEncoding = 4; lastKnownFileType = sourcecode.c.h; path = ASIHTTPRequest.h; sourceTree = "<group>"; };
		E5B424BF1D90F2F000FCB78F /* ASIHTTPRequest.m */ = {isa = PBXFileReference; fileEncoding = 4; lastKnownFileType = sourcecode.c.objc; path = ASIHTTPRequest.m; sourceTree = "<group>"; };
		E5B424C01D90F2F000FCB78F /* ASIHTTPRequestConfig.h */ = {isa = PBXFileReference; fileEncoding = 4; lastKnownFileType = sourcecode.c.h; path = ASIHTTPRequestConfig.h; sourceTree = "<group>"; };
		E5B424C11D90F2F000FCB78F /* ASIHTTPRequestDelegate.h */ = {isa = PBXFileReference; fileEncoding = 4; lastKnownFileType = sourcecode.c.h; path = ASIHTTPRequestDelegate.h; sourceTree = "<group>"; };
		E5B424C21D90F2F000FCB78F /* ASIInputStream.h */ = {isa = PBXFileReference; fileEncoding = 4; lastKnownFileType = sourcecode.c.h; path = ASIInputStream.h; sourceTree = "<group>"; };
		E5B424C31D90F2F000FCB78F /* ASIInputStream.m */ = {isa = PBXFileReference; fileEncoding = 4; lastKnownFileType = sourcecode.c.objc; path = ASIInputStream.m; sourceTree = "<group>"; };
		E5B424C41D90F2F000FCB78F /* ASINetworkQueue.h */ = {isa = PBXFileReference; fileEncoding = 4; lastKnownFileType = sourcecode.c.h; path = ASINetworkQueue.h; sourceTree = "<group>"; };
		E5B424C51D90F2F000FCB78F /* ASINetworkQueue.m */ = {isa = PBXFileReference; fileEncoding = 4; lastKnownFileType = sourcecode.c.objc; path = ASINetworkQueue.m; sourceTree = "<group>"; };
		E5B424C61D90F2F000FCB78F /* ASIProgressDelegate.h */ = {isa = PBXFileReference; fileEncoding = 4; lastKnownFileType = sourcecode.c.h; path = ASIProgressDelegate.h; sourceTree = "<group>"; };
		E5B424CF1D910DA800FCB78F /* libz.tbd */ = {isa = PBXFileReference; lastKnownFileType = "sourcecode.text-based-dylib-definition"; name = libz.tbd; path = usr/lib/libz.tbd; sourceTree = SDKROOT; };
		E5B424D11D910DB000FCB78F /* SystemConfiguration.framework */ = {isa = PBXFileReference; lastKnownFileType = wrapper.framework; name = SystemConfiguration.framework; path = System/Library/Frameworks/SystemConfiguration.framework; sourceTree = SDKROOT; };
		E5B424D31D910DC200FCB78F /* MobileCoreServices.framework */ = {isa = PBXFileReference; lastKnownFileType = wrapper.framework; name = MobileCoreServices.framework; path = System/Library/Frameworks/MobileCoreServices.framework; sourceTree = SDKROOT; };
		E5B424D51D910DC900FCB78F /* CFNetwork.framework */ = {isa = PBXFileReference; lastKnownFileType = wrapper.framework; name = CFNetwork.framework; path = System/Library/Frameworks/CFNetwork.framework; sourceTree = SDKROOT; };
		E5B424D71D910E4800FCB78F /* CoreGraphics.framework */ = {isa = PBXFileReference; lastKnownFileType = wrapper.framework; name = CoreGraphics.framework; path = System/Library/Frameworks/CoreGraphics.framework; sourceTree = SDKROOT; };
		E5B424D91D910E9800FCB78F /* libxml2.tbd */ = {isa = PBXFileReference; lastKnownFileType = "sourcecode.text-based-dylib-definition"; name = libxml2.tbd; path = usr/lib/libxml2.tbd; sourceTree = SDKROOT; };
		E5B424DC1D91120700FCB78F /* Reachability.h */ = {isa = PBXFileReference; fileEncoding = 4; lastKnownFileType = sourcecode.c.h; path = Reachability.h; sourceTree = "<group>"; };
		E5B424DD1D91120700FCB78F /* Reachability.m */ = {isa = PBXFileReference; fileEncoding = 4; lastKnownFileType = sourcecode.c.objc; path = Reachability.m; sourceTree = "<group>"; };
		E5B424DF1D9112F900FCB78F /* DownloadingCell.h */ = {isa = PBXFileReference; fileEncoding = 4; lastKnownFileType = sourcecode.c.h; path = DownloadingCell.h; sourceTree = "<group>"; };
		E5B424E01D9112F900FCB78F /* DownloadingCell.m */ = {isa = PBXFileReference; fileEncoding = 4; lastKnownFileType = sourcecode.c.objc; path = DownloadingCell.m; sourceTree = "<group>"; };
		E5B424E11D9112F900FCB78F /* DownloadingCell.xib */ = {isa = PBXFileReference; fileEncoding = 4; lastKnownFileType = file.xib; path = DownloadingCell.xib; sourceTree = "<group>"; };
		E5B424E41D91131500FCB78F /* DownloadedCell.h */ = {isa = PBXFileReference; fileEncoding = 4; lastKnownFileType = sourcecode.c.h; path = DownloadedCell.h; sourceTree = "<group>"; };
		E5B424E51D91131500FCB78F /* DownloadedCell.m */ = {isa = PBXFileReference; fileEncoding = 4; lastKnownFileType = sourcecode.c.objc; path = DownloadedCell.m; sourceTree = "<group>"; };
		E5B424E61D91131500FCB78F /* DownloadedCell.xib */ = {isa = PBXFileReference; fileEncoding = 4; lastKnownFileType = file.xib; path = DownloadedCell.xib; sourceTree = "<group>"; };
		E5B424F41D9128BE00FCB78F /* BJPlayer-PrefixHeader.pch */ = {isa = PBXFileReference; lastKnownFileType = sourcecode.c.h; path = "BJPlayer-PrefixHeader.pch"; sourceTree = "<group>"; };
		E5B424F51D91296C00FCB78F /* CommentData.h */ = {isa = PBXFileReference; lastKnownFileType = sourcecode.c.h; path = CommentData.h; sourceTree = "<group>"; };
		E5D669CF1DD40E3900810600 /* mobileMPMoviePlayerContrl.h */ = {isa = PBXFileReference; fileEncoding = 4; lastKnownFileType = sourcecode.c.h; path = mobileMPMoviePlayerContrl.h; sourceTree = "<group>"; };
		E5D669D01DD40E3900810600 /* mobileMPMoviePlayerContrl.m */ = {isa = PBXFileReference; fileEncoding = 4; lastKnownFileType = sourcecode.c.objc; path = mobileMPMoviePlayerContrl.m; sourceTree = "<group>"; };
		E5D669D31DD417F800810600 /* back.png */ = {isa = PBXFileReference; lastKnownFileType = image.png; path = back.png; sourceTree = "<group>"; };
		E5D669D41DD417F800810600 /* fast.png */ = {isa = PBXFileReference; lastKnownFileType = image.png; path = fast.png; sourceTree = "<group>"; };
		E5D669D51DD417F800810600 /* init_html_off.png */ = {isa = PBXFileReference; lastKnownFileType = image.png; path = init_html_off.png; sourceTree = "<group>"; };
		E5D669D61DD417F800810600 /* init_html_on.png */ = {isa = PBXFileReference; lastKnownFileType = image.png; path = init_html_on.png; sourceTree = "<group>"; };
		E5D669D71DD417F800810600 /* light.png */ = {isa = PBXFileReference; lastKnownFileType = image.png; path = light.png; sourceTree = "<group>"; };
		E5D669D81DD417F800810600 /* point.png */ = {isa = PBXFileReference; lastKnownFileType = image.png; path = point.png; sourceTree = "<group>"; };
		E5D669D91DD417F800810600 /* point0.png */ = {isa = PBXFileReference; lastKnownFileType = image.png; path = point0.png; sourceTree = "<group>"; };
		E5D669DA1DD417F800810600 /* progress.png */ = {isa = PBXFileReference; lastKnownFileType = image.png; path = progress.png; sourceTree = "<group>"; };
		E5D669DB1DD417F800810600 /* progress0.png */ = {isa = PBXFileReference; lastKnownFileType = image.png; path = progress0.png; sourceTree = "<group>"; };
		E5D669DC1DD417F800810600 /* progress_cross.png */ = {isa = PBXFileReference; lastKnownFileType = image.png; path = progress_cross.png; sourceTree = "<group>"; };
		E5D669DD1DD417F800810600 /* progress_cross_o.png */ = {isa = PBXFileReference; lastKnownFileType = image.png; path = progress_cross_o.png; sourceTree = "<group>"; };
		E5D669DE1DD417F800810600 /* progress_cross_ok.png */ = {isa = PBXFileReference; lastKnownFileType = image.png; path = progress_cross_ok.png; sourceTree = "<group>"; };
		E5D669DF1DD417F800810600 /* progress_point.png */ = {isa = PBXFileReference; lastKnownFileType = image.png; path = progress_point.png; sourceTree = "<group>"; };
		E5D669E01DD417F800810600 /* suspended.png */ = {isa = PBXFileReference; lastKnownFileType = image.png; path = suspended.png; sourceTree = "<group>"; };
		E5D669E11DD417F800810600 /* suspended0.png */ = {isa = PBXFileReference; lastKnownFileType = image.png; path = suspended0.png; sourceTree = "<group>"; };
		E5D669E21DD417F800810600 /* video_back.png */ = {isa = PBXFileReference; lastKnownFileType = image.png; path = video_back.png; sourceTree = "<group>"; };
		E5D669E31DD417F800810600 /* video_back_b.png */ = {isa = PBXFileReference; lastKnownFileType = image.png; path = video_back_b.png; sourceTree = "<group>"; };
		E5D669E41DD417F800810600 /* video_back_b0.png */ = {isa = PBXFileReference; lastKnownFileType = image.png; path = video_back_b0.png; sourceTree = "<group>"; };
		E5D669E51DD417F800810600 /* video_directory.png */ = {isa = PBXFileReference; lastKnownFileType = image.png; path = video_directory.png; sourceTree = "<group>"; };
		E5D669E61DD417F800810600 /* video_directory0.png */ = {isa = PBXFileReference; lastKnownFileType = image.png; path = video_directory0.png; sourceTree = "<group>"; };
		E5D669E71DD417F800810600 /* video_episode.png */ = {isa = PBXFileReference; lastKnownFileType = image.png; path = video_episode.png; sourceTree = "<group>"; };
		E5D669E81DD417F800810600 /* video_episode0.png */ = {isa = PBXFileReference; lastKnownFileType = image.png; path = video_episode0.png; sourceTree = "<group>"; };
		E5D669E91DD417F800810600 /* video_lock.png */ = {isa = PBXFileReference; lastKnownFileType = image.png; path = video_lock.png; sourceTree = "<group>"; };
		E5D669EA1DD417F800810600 /* video_lock0.png */ = {isa = PBXFileReference; lastKnownFileType = image.png; path = video_lock0.png; sourceTree = "<group>"; };
		E5D669EB1DD417F800810600 /* video_lock_no.png */ = {isa = PBXFileReference; lastKnownFileType = image.png; path = video_lock_no.png; sourceTree = "<group>"; };
		E5D669EC1DD417F800810600 /* video_lock_no0.png */ = {isa = PBXFileReference; lastKnownFileType = image.png; path = video_lock_no0.png; sourceTree = "<group>"; };
		E5D669ED1DD417F800810600 /* video_max.png */ = {isa = PBXFileReference; lastKnownFileType = image.png; path = video_max.png; sourceTree = "<group>"; };
		E5D669EE1DD417F800810600 /* video_max0.png */ = {isa = PBXFileReference; lastKnownFileType = image.png; path = video_max0.png; sourceTree = "<group>"; };
		E5D669EF1DD417F800810600 /* video_min.png */ = {isa = PBXFileReference; lastKnownFileType = image.png; path = video_min.png; sourceTree = "<group>"; };
		E5D669F01DD417F800810600 /* video_min0.png */ = {isa = PBXFileReference; lastKnownFileType = image.png; path = video_min0.png; sourceTree = "<group>"; };
		E5D669F11DD417F800810600 /* video_next.png */ = {isa = PBXFileReference; lastKnownFileType = image.png; path = video_next.png; sourceTree = "<group>"; };
		E5D669F21DD417F800810600 /* video_next0.png */ = {isa = PBXFileReference; lastKnownFileType = image.png; path = video_next0.png; sourceTree = "<group>"; };
		E5D669F31DD417F800810600 /* video_play.png */ = {isa = PBXFileReference; lastKnownFileType = image.png; path = video_play.png; sourceTree = "<group>"; };
		E5D669F41DD417F800810600 /* video_play0.png */ = {isa = PBXFileReference; lastKnownFileType = image.png; path = video_play0.png; sourceTree = "<group>"; };
		E5D669F51DD417F800810600 /* video_play_x.png */ = {isa = PBXFileReference; lastKnownFileType = image.png; path = video_play_x.png; sourceTree = "<group>"; };
		E5D669F61DD417F800810600 /* video_play_x0.png */ = {isa = PBXFileReference; lastKnownFileType = image.png; path = video_play_x0.png; sourceTree = "<group>"; };
		E5D669F71DD417F800810600 /* video_suspended.png */ = {isa = PBXFileReference; lastKnownFileType = image.png; path = video_suspended.png; sourceTree = "<group>"; };
		E5D669F81DD417F800810600 /* video_suspended0.png */ = {isa = PBXFileReference; lastKnownFileType = image.png; path = video_suspended0.png; sourceTree = "<group>"; };
		E5D669F91DD417F800810600 /* voice.png */ = {isa = PBXFileReference; lastKnownFileType = image.png; path = voice.png; sourceTree = "<group>"; };
		E5D669FA1DD417F800810600 /* voice_no.png */ = {isa = PBXFileReference; lastKnownFileType = image.png; path = voice_no.png; sourceTree = "<group>"; };
		E5D66A231DD4554E00810600 /* GlobalData.h */ = {isa = PBXFileReference; fileEncoding = 4; lastKnownFileType = sourcecode.c.h; path = GlobalData.h; sourceTree = "<group>"; };
		E5D66A241DD4554E00810600 /* GlobalData.m */ = {isa = PBXFileReference; fileEncoding = 4; lastKnownFileType = sourcecode.c.objc; path = GlobalData.m; sourceTree = "<group>"; };
		E5D66A261DD45D4600810600 /* wildAnimal.mp4 */ = {isa = PBXFileReference; lastKnownFileType = file; path = wildAnimal.mp4; sourceTree = "<group>"; };
/* End PBXFileReference section */

/* Begin PBXFrameworksBuildPhase section */
		E577F0981D8FD8E900CAD0BE /* Frameworks */ = {
			isa = PBXFrameworksBuildPhase;
			buildActionMask = 2147483647;
			files = (
				E5A424261D92231F00AEA1B5 /* libsqlite3.0.tbd in Frameworks */,
				E5B424DA1D910E9800FCB78F /* libxml2.tbd in Frameworks */,
				E5B424D81D910E4800FCB78F /* CoreGraphics.framework in Frameworks */,
				E5B424D61D910DC900FCB78F /* CFNetwork.framework in Frameworks */,
				E5B424D41D910DC200FCB78F /* MobileCoreServices.framework in Frameworks */,
				E5B424D21D910DB000FCB78F /* SystemConfiguration.framework in Frameworks */,
				E5B424D01D910DA800FCB78F /* libz.tbd in Frameworks */,
			);
			runOnlyForDeploymentPostprocessing = 0;
		};
/* End PBXFrameworksBuildPhase section */

/* Begin PBXGroup section */
		E54B2FF81DD99A8000EC08E4 /* SDWebImage */ = {
			isa = PBXGroup;
			children = (
				E54B2FF91DD99A8000EC08E4 /* MKAnnotationView+WebCache.h */,
				E54B2FFA1DD99A8000EC08E4 /* MKAnnotationView+WebCache.m */,
				E54B2FFB1DD99A8000EC08E4 /* NSData+ImageContentType.h */,
				E54B2FFC1DD99A8000EC08E4 /* NSData+ImageContentType.m */,
				E54B2FFD1DD99A8000EC08E4 /* SDImageCache.h */,
				E54B2FFE1DD99A8000EC08E4 /* SDImageCache.m */,
				E54B2FFF1DD99A8000EC08E4 /* SDWebImageCompat.h */,
				E54B30001DD99A8000EC08E4 /* SDWebImageCompat.m */,
				E54B30011DD99A8000EC08E4 /* SDWebImageDecoder.h */,
				E54B30021DD99A8000EC08E4 /* SDWebImageDecoder.m */,
				E54B30031DD99A8000EC08E4 /* SDWebImageDownloader.h */,
				E54B30041DD99A8000EC08E4 /* SDWebImageDownloader.m */,
				E54B30051DD99A8000EC08E4 /* SDWebImageDownloaderOperation.h */,
				E54B30061DD99A8000EC08E4 /* SDWebImageDownloaderOperation.m */,
				E54B30071DD99A8000EC08E4 /* SDWebImageManager.h */,
				E54B30081DD99A8000EC08E4 /* SDWebImageManager.m */,
				E54B30091DD99A8000EC08E4 /* SDWebImageOperation.h */,
				E54B300A1DD99A8000EC08E4 /* SDWebImagePrefetcher.h */,
				E54B300B1DD99A8000EC08E4 /* SDWebImagePrefetcher.m */,
				E54B300C1DD99A8000EC08E4 /* UIButton+WebCache.h */,
				E54B300D1DD99A8000EC08E4 /* UIButton+WebCache.m */,
				E54B300E1DD99A8000EC08E4 /* UIImage+GIF.h */,
				E54B300F1DD99A8000EC08E4 /* UIImage+GIF.m */,
				E54B30101DD99A8000EC08E4 /* UIImage+MultiFormat.h */,
				E54B30111DD99A8000EC08E4 /* UIImage+MultiFormat.m */,
				E54B30121DD99A8000EC08E4 /* UIImage+WebP.h */,
				E54B30131DD99A8000EC08E4 /* UIImage+WebP.m */,
				E54B30141DD99A8000EC08E4 /* UIImageView+HighlightedWebCache.h */,
				E54B30151DD99A8000EC08E4 /* UIImageView+HighlightedWebCache.m */,
				E54B30161DD99A8000EC08E4 /* UIImageView+WebCache.h */,
				E54B30171DD99A8000EC08E4 /* UIImageView+WebCache.m */,
				E54B30181DD99A8000EC08E4 /* UIView+WebCacheOperation.h */,
				E54B30191DD99A8000EC08E4 /* UIView+WebCacheOperation.m */,
			);
			path = SDWebImage;
			sourceTree = "<group>";
		};
		E54ED4E81DD3219A0088C066 /* MPPlayer */ = {
			isa = PBXGroup;
			children = (
				E54ED4EF1DD3219A0088C066 /* MobilePlayerViewContrl.h */,
				E54ED4F01DD3219A0088C066 /* MobilePlayerViewContrl.m */,
				E5D669CF1DD40E3900810600 /* mobileMPMoviePlayerContrl.h */,
				E5D669D01DD40E3900810600 /* mobileMPMoviePlayerContrl.m */,
				E54ED4F11DD3219A0088C066 /* MovieControlsView.h */,
				E54ED4F21DD3219A0088C066 /* MovieControlsView.m */,
				E54ED4EB1DD3219A0088C066 /* CourseTableViewContrl.h */,
				E54ED4EC1DD3219A0088C066 /* CourseTableViewContrl.m */,
				E54ED4E91DD3219A0088C066 /* CourseTableCell.h */,
				E54ED4EA1DD3219A0088C066 /* CourseTableCell.m */,
				E54ED4F31DD3219A0088C066 /* myhintView.h */,
				E54ED4F41DD3219A0088C066 /* myhintView.m */,
				E54ED4F71DD3219A0088C066 /* topBackView.h */,
				E54ED4F81DD3219A0088C066 /* topBackView.m */,
			);
			path = MPPlayer;
			sourceTree = "<group>";
		};
		E54ED5041DD3235A0088C066 /* AMProgressView */ = {
			isa = PBXGroup;
			children = (
				E54ED5051DD3235A0088C066 /* AMProgressView.h */,
				E54ED5061DD3235A0088C066 /* AMProgressView.m */,
				E54ED5071DD3235A0088C066 /* AMProgressViewGradient.h */,
				E54ED5081DD3235A0088C066 /* AMProgressViewGradient.m */,
			);
			path = AMProgressView;
			sourceTree = "<group>";
		};
		E577F0921D8FD8E900CAD0BE = {
			isa = PBXGroup;
			children = (
				E577F09D1D8FD8E900CAD0BE /* BJPlayer */,
				E577F09C1D8FD8E900CAD0BE /* Products */,
			);
			sourceTree = "<group>";
		};
		E577F09C1D8FD8E900CAD0BE /* Products */ = {
			isa = PBXGroup;
			children = (
				E577F09B1D8FD8E900CAD0BE /* BJPlayer.app */,
			);
			name = Products;
			sourceTree = "<group>";
		};
		E577F09D1D8FD8E900CAD0BE /* BJPlayer */ = {
			isa = PBXGroup;
			children = (
				E577F0B51D8FDAFE00CAD0BE /* Class */,
				E577F0A11D8FD8E900CAD0BE /* AppDelegate.h */,
				E577F0A21D8FD8E900CAD0BE /* AppDelegate.m */,
				E577F0AA1D8FD8E900CAD0BE /* Assets.xcassets */,
				E577F0AC1D8FD8E900CAD0BE /* LaunchScreen.storyboard */,
				E577F0AF1D8FD8E900CAD0BE /* Info.plist */,
				E577F09E1D8FD8E900CAD0BE /* Supporting Files */,
			);
			path = BJPlayer;
			sourceTree = "<group>";
		};
		E577F09E1D8FD8E900CAD0BE /* Supporting Files */ = {
			isa = PBXGroup;
			children = (
				E577F09F1D8FD8E900CAD0BE /* main.m */,
				E5B424F41D9128BE00FCB78F /* BJPlayer-PrefixHeader.pch */,
			);
			name = "Supporting Files";
			sourceTree = "<group>";
		};
		E577F0B51D8FDAFE00CAD0BE /* Class */ = {
			isa = PBXGroup;
			children = (
				E577F0B61D8FDAFE00CAD0BE /* Categories */,
				E577F0B71D8FDAFE00CAD0BE /* Config */,
				E577F0B81D8FDAFE00CAD0BE /* Framework */,
				E577F0B91D8FDAFE00CAD0BE /* MainCtrl */,
				E577F0BA1D8FDAFE00CAD0BE /* Resources */,
				E5D66A261DD45D4600810600 /* wildAnimal.mp4 */,
				E54B302C1DD99E1700EC08E4 /* loading.gif */,
				E577F0BB1D8FDAFE00CAD0BE /* ThirdLibrary */,
				E577F0BC1D8FDAFE00CAD0BE /* Utils */,
			);
			path = Class;
			sourceTree = "<group>";
		};
		E577F0B61D8FDAFE00CAD0BE /* Categories */ = {
			isa = PBXGroup;
			children = (
			);
			path = Categories;
			sourceTree = "<group>";
		};
		E577F0B71D8FDAFE00CAD0BE /* Config */ = {
			isa = PBXGroup;
			children = (
				E5B424F51D91296C00FCB78F /* CommentData.h */,
				E5D66A231DD4554E00810600 /* GlobalData.h */,
				E5D66A241DD4554E00810600 /* GlobalData.m */,
			);
			path = Config;
			sourceTree = "<group>";
		};
		E577F0B81D8FDAFE00CAD0BE /* Framework */ = {
			isa = PBXGroup;
			children = (
				E5A424251D92231F00AEA1B5 /* libsqlite3.0.tbd */,
				E5B424D91D910E9800FCB78F /* libxml2.tbd */,
				E5B424D71D910E4800FCB78F /* CoreGraphics.framework */,
				E5B424D51D910DC900FCB78F /* CFNetwork.framework */,
				E5B424D31D910DC200FCB78F /* MobileCoreServices.framework */,
				E5B424D11D910DB000FCB78F /* SystemConfiguration.framework */,
				E5B424CF1D910DA800FCB78F /* libz.tbd */,
			);
			path = Framework;
			sourceTree = "<group>";
		};
		E577F0B91D8FDAFE00CAD0BE /* MainCtrl */ = {
			isa = PBXGroup;
			children = (
				E577F0CA1D8FE53D00CAD0BE /* Model */,
				E577F0CB1D8FE53D00CAD0BE /* View */,
				E577F0C01D8FDB7A00CAD0BE /* Controler */,
				E54B2FF31DD98E3F00EC08E4 /* BaseNavigationController.h */,
				E54B2FF41DD98E3F00EC08E4 /* BaseNavigationController.m */,
			);
			path = MainCtrl;
			sourceTree = "<group>";
		};
		E577F0BA1D8FDAFE00CAD0BE /* Resources */ = {
			isa = PBXGroup;
			children = (
				E5D669D21DD417F800810600 /* video */,
			);
			path = Resources;
			sourceTree = "<group>";
		};
		E577F0BB1D8FDAFE00CAD0BE /* ThirdLibrary */ = {
			isa = PBXGroup;
			children = (
				E54B2FF81DD99A8000EC08E4 /* SDWebImage */,
				E54ED4E81DD3219A0088C066 /* MPPlayer */,
				E5A423FE1D9222FA00AEA1B5 /* ASIDownload */,
				E5A424051D9222FA00AEA1B5 /* fmdb */,
				E5A424121D9222FA00AEA1B5 /* ZDBModel */,
				E5B424DB1D91120700FCB78F /* Reachability */,
				E54ED5041DD3235A0088C066 /* AMProgressView */,
				E5B424B21D90F2F000FCB78F /* ASIHTTPRequest */,
			);
			path = ThirdLibrary;
			sourceTree = "<group>";
		};
		E577F0BC1D8FDAFE00CAD0BE /* Utils */ = {
			isa = PBXGroup;
			children = (
			);
			path = Utils;
			sourceTree = "<group>";
		};
		E577F0C01D8FDB7A00CAD0BE /* Controler */ = {
			isa = PBXGroup;
			children = (
				E577F0C41D8FDBBB00CAD0BE /* MainViewCtrl.h */,
				E577F0C51D8FDBBB00CAD0BE /* MainViewCtrl.m */,
				E577F0D11D8FECDB00CAD0BE /* DownloadViewCtrl.h */,
				E577F0D21D8FECDB00CAD0BE /* DownloadViewCtrl.m */,
				E54ED50F1DD32A590088C066 /* PlayerViewController.h */,
				E54ED5101DD32A590088C066 /* PlayerViewController.m */,
			);
			path = Controler;
			sourceTree = "<group>";
		};
		E577F0CA1D8FE53D00CAD0BE /* Model */ = {
			isa = PBXGroup;
			children = (
				E5A424271D922E7100AEA1B5 /* DownloadModel.h */,
				E5A424281D922E7100AEA1B5 /* DownloadModel.m */,
			);
			path = Model;
			sourceTree = "<group>";
		};
		E577F0CB1D8FE53D00CAD0BE /* View */ = {
			isa = PBXGroup;
			children = (
				E577F0CC1D8FE56100CAD0BE /* MainTableViewCell.h */,
				E577F0CD1D8FE56100CAD0BE /* MainTableViewCell.m */,
				E577F0CE1D8FE56100CAD0BE /* MainTableViewCell.xib */,
				E5B424DF1D9112F900FCB78F /* DownloadingCell.h */,
				E5B424E01D9112F900FCB78F /* DownloadingCell.m */,
				E5B424E11D9112F900FCB78F /* DownloadingCell.xib */,
				E5B424E41D91131500FCB78F /* DownloadedCell.h */,
				E5B424E51D91131500FCB78F /* DownloadedCell.m */,
				E5B424E61D91131500FCB78F /* DownloadedCell.xib */,
			);
			path = View;
			sourceTree = "<group>";
		};
		E5A423FE1D9222FA00AEA1B5 /* ASIDownload */ = {
			isa = PBXGroup;
			children = (
				E5A423FF1D9222FA00AEA1B5 /* BaseModel.h */,
				E5A424001D9222FA00AEA1B5 /* BaseModel.m */,
				E5A424011D9222FA00AEA1B5 /* FileModel.h */,
				E5A424021D9222FA00AEA1B5 /* FileModel.m */,
				E5A424031D9222FA00AEA1B5 /* FilesDownManage.h */,
				E5A424041D9222FA00AEA1B5 /* FilesDownManage.m */,
			);
			path = ASIDownload;
			sourceTree = "<group>";
		};
		E5A424051D9222FA00AEA1B5 /* fmdb */ = {
			isa = PBXGroup;
			children = (
				E5A424061D9222FA00AEA1B5 /* FMDatabase.h */,
				E5A424071D9222FA00AEA1B5 /* FMDatabase.m */,
				E5A424081D9222FA00AEA1B5 /* FMDatabaseAdditions.h */,
				E5A424091D9222FA00AEA1B5 /* FMDatabaseAdditions.m */,
				E5A4240A1D9222FA00AEA1B5 /* FMDatabasePool.h */,
				E5A4240B1D9222FA00AEA1B5 /* FMDatabasePool.m */,
				E5A4240C1D9222FA00AEA1B5 /* FMDatabaseQueue.h */,
				E5A4240D1D9222FA00AEA1B5 /* FMDatabaseQueue.m */,
				E5A4240E1D9222FA00AEA1B5 /* FMDB.h */,
				E5A4240F1D9222FA00AEA1B5 /* FMResultSet.h */,
				E5A424101D9222FA00AEA1B5 /* FMResultSet.m */,
				E5A424111D9222FA00AEA1B5 /* Info.plist */,
			);
			path = fmdb;
			sourceTree = "<group>";
		};
		E5A424121D9222FA00AEA1B5 /* ZDBModel */ = {
			isa = PBXGroup;
			children = (
				E5A424131D9222FA00AEA1B5 /* UserModel.h */,
				E5A424141D9222FA00AEA1B5 /* UserModel.m */,
				E5A424151D9222FA00AEA1B5 /* ZDBHelper.h */,
				E5A424161D9222FA00AEA1B5 /* ZDBHelper.m */,
				E5A424171D9222FA00AEA1B5 /* ZDBModel.h */,
				E5A424181D9222FA00AEA1B5 /* ZDBModel.m */,
			);
			path = ZDBModel;
			sourceTree = "<group>";
		};
		E5B424B21D90F2F000FCB78F /* ASIHTTPRequest */ = {
			isa = PBXGroup;
			children = (
				E5B424B31D90F2F000FCB78F /* ASIAuthenticationDialog.h */,
				E5B424B41D90F2F000FCB78F /* ASIAuthenticationDialog.m */,
				E5B424B51D90F2F000FCB78F /* ASICacheDelegate.h */,
				E5B424B61D90F2F000FCB78F /* ASIDataCompressor.h */,
				E5B424B71D90F2F000FCB78F /* ASIDataCompressor.m */,
				E5B424B81D90F2F000FCB78F /* ASIDataDecompressor.h */,
				E5B424B91D90F2F000FCB78F /* ASIDataDecompressor.m */,
				E5B424BA1D90F2F000FCB78F /* ASIDownloadCache.h */,
				E5B424BB1D90F2F000FCB78F /* ASIDownloadCache.m */,
				E5B424BC1D90F2F000FCB78F /* ASIFormDataRequest.h */,
				E5B424BD1D90F2F000FCB78F /* ASIFormDataRequest.m */,
				E5B424BE1D90F2F000FCB78F /* ASIHTTPRequest.h */,
				E5B424BF1D90F2F000FCB78F /* ASIHTTPRequest.m */,
				E5B424C01D90F2F000FCB78F /* ASIHTTPRequestConfig.h */,
				E5B424C11D90F2F000FCB78F /* ASIHTTPRequestDelegate.h */,
				E5B424C21D90F2F000FCB78F /* ASIInputStream.h */,
				E5B424C31D90F2F000FCB78F /* ASIInputStream.m */,
				E5B424C41D90F2F000FCB78F /* ASINetworkQueue.h */,
				E5B424C51D90F2F000FCB78F /* ASINetworkQueue.m */,
				E5B424C61D90F2F000FCB78F /* ASIProgressDelegate.h */,
			);
			path = ASIHTTPRequest;
			sourceTree = "<group>";
		};
		E5B424DB1D91120700FCB78F /* Reachability */ = {
			isa = PBXGroup;
			children = (
				E5B424DC1D91120700FCB78F /* Reachability.h */,
				E5B424DD1D91120700FCB78F /* Reachability.m */,
			);
			path = Reachability;
			sourceTree = "<group>";
		};
		E5D669D21DD417F800810600 /* video */ = {
			isa = PBXGroup;
			children = (
				E5D669D31DD417F800810600 /* back.png */,
				E5D669D41DD417F800810600 /* fast.png */,
				E5D669D51DD417F800810600 /* init_html_off.png */,
				E5D669D61DD417F800810600 /* init_html_on.png */,
				E5D669D71DD417F800810600 /* light.png */,
				E5D669D81DD417F800810600 /* point.png */,
				E5D669D91DD417F800810600 /* point0.png */,
				E5D669DA1DD417F800810600 /* progress.png */,
				E5D669DB1DD417F800810600 /* progress0.png */,
				E5D669DC1DD417F800810600 /* progress_cross.png */,
				E5D669DD1DD417F800810600 /* progress_cross_o.png */,
				E5D669DE1DD417F800810600 /* progress_cross_ok.png */,
				E5D669DF1DD417F800810600 /* progress_point.png */,
				E5D669E01DD417F800810600 /* suspended.png */,
				E5D669E11DD417F800810600 /* suspended0.png */,
				E5D669E21DD417F800810600 /* video_back.png */,
				E5D669E31DD417F800810600 /* video_back_b.png */,
				E5D669E41DD417F800810600 /* video_back_b0.png */,
				E5D669E51DD417F800810600 /* video_directory.png */,
				E5D669E61DD417F800810600 /* video_directory0.png */,
				E5D669E71DD417F800810600 /* video_episode.png */,
				E5D669E81DD417F800810600 /* video_episode0.png */,
				E5D669E91DD417F800810600 /* video_lock.png */,
				E5D669EA1DD417F800810600 /* video_lock0.png */,
				E5D669EB1DD417F800810600 /* video_lock_no.png */,
				E5D669EC1DD417F800810600 /* video_lock_no0.png */,
				E5D669ED1DD417F800810600 /* video_max.png */,
				E5D669EE1DD417F800810600 /* video_max0.png */,
				E5D669EF1DD417F800810600 /* video_min.png */,
				E5D669F01DD417F800810600 /* video_min0.png */,
				E5D669F11DD417F800810600 /* video_next.png */,
				E5D669F21DD417F800810600 /* video_next0.png */,
				E5D669F31DD417F800810600 /* video_play.png */,
				E5D669F41DD417F800810600 /* video_play0.png */,
				E5D669F51DD417F800810600 /* video_play_x.png */,
				E5D669F61DD417F800810600 /* video_play_x0.png */,
				E5D669F71DD417F800810600 /* video_suspended.png */,
				E5D669F81DD417F800810600 /* video_suspended0.png */,
				E5D669F91DD417F800810600 /* voice.png */,
				E5D669FA1DD417F800810600 /* voice_no.png */,
			);
			path = video;
			sourceTree = "<group>";
		};
/* End PBXGroup section */

/* Begin PBXNativeTarget section */
		E577F09A1D8FD8E900CAD0BE /* BJPlayer */ = {
			isa = PBXNativeTarget;
			buildConfigurationList = E577F0B21D8FD8E900CAD0BE /* Build configuration list for PBXNativeTarget "BJPlayer" */;
			buildPhases = (
				E577F0971D8FD8E900CAD0BE /* Sources */,
				E577F0981D8FD8E900CAD0BE /* Frameworks */,
				E577F0991D8FD8E900CAD0BE /* Resources */,
			);
			buildRules = (
			);
			dependencies = (
			);
			name = BJPlayer;
			productName = BJPlayer;
			productReference = E577F09B1D8FD8E900CAD0BE /* BJPlayer.app */;
			productType = "com.apple.product-type.application";
		};
/* End PBXNativeTarget section */

/* Begin PBXProject section */
		E577F0931D8FD8E900CAD0BE /* Project object */ = {
			isa = PBXProject;
			attributes = {
				LastUpgradeCheck = 0730;
				ORGANIZATIONNAME = zhangwenjun;
				TargetAttributes = {
					E577F09A1D8FD8E900CAD0BE = {
						CreatedOnToolsVersion = 7.3;
						DevelopmentTeam = D52TEC35MW;
					};
				};
			};
			buildConfigurationList = E577F0961D8FD8E900CAD0BE /* Build configuration list for PBXProject "BJPlayer" */;
			compatibilityVersion = "Xcode 3.2";
			developmentRegion = English;
			hasScannedForEncodings = 0;
			knownRegions = (
				en,
				Base,
			);
			mainGroup = E577F0921D8FD8E900CAD0BE;
			productRefGroup = E577F09C1D8FD8E900CAD0BE /* Products */;
			projectDirPath = "";
			projectRoot = "";
			targets = (
				E577F09A1D8FD8E900CAD0BE /* BJPlayer */,
			);
		};
/* End PBXProject section */

/* Begin PBXResourcesBuildPhase section */
		E577F0991D8FD8E900CAD0BE /* Resources */ = {
			isa = PBXResourcesBuildPhase;
			buildActionMask = 2147483647;
			files = (
				E5D669FD1DD417F800810600 /* init_html_off.png in Resources */,
				E5D66A051DD417F800810600 /* progress_cross_o.png in Resources */,
				E5D66A271DD45D4600810600 /* wildAnimal.mp4 in Resources */,
				E5D66A131DD417F800810600 /* video_lock_no.png in Resources */,
				E577F0D01D8FE56100CAD0BE /* MainTableViewCell.xib in Resources */,
				E5D66A201DD417F800810600 /* video_suspended0.png in Resources */,
				E5D66A001DD417F800810600 /* point.png in Resources */,
				E5D66A1F1DD417F800810600 /* video_suspended.png in Resources */,
				E5D66A0E1DD417F800810600 /* video_directory0.png in Resources */,
				E5D66A1C1DD417F800810600 /* video_play0.png in Resources */,
				E5D66A0C1DD417F800810600 /* video_back_b0.png in Resources */,
				E5D66A091DD417F800810600 /* suspended0.png in Resources */,
				E5D66A111DD417F800810600 /* video_lock.png in Resources */,
				E5D66A041DD417F800810600 /* progress_cross.png in Resources */,
				E5D669FC1DD417F800810600 /* fast.png in Resources */,
				E5D66A031DD417F800810600 /* progress0.png in Resources */,
				E5D66A121DD417F800810600 /* video_lock0.png in Resources */,
				E5D66A0F1DD417F800810600 /* video_episode.png in Resources */,
				E5D66A221DD417F800810600 /* voice_no.png in Resources */,
				E5D66A011DD417F800810600 /* point0.png in Resources */,
				E5D66A1A1DD417F800810600 /* video_next0.png in Resources */,
				E577F0AE1D8FD8E900CAD0BE /* LaunchScreen.storyboard in Resources */,
				E5D66A141DD417F800810600 /* video_lock_no0.png in Resources */,
				E5D66A171DD417F800810600 /* video_min.png in Resources */,
				E5D66A071DD417F800810600 /* progress_point.png in Resources */,
				E5D66A1E1DD417F800810600 /* video_play_x0.png in Resources */,
				E5D669FF1DD417F800810600 /* light.png in Resources */,
				E5D66A081DD417F800810600 /* suspended.png in Resources */,
				E5D66A151DD417F800810600 /* video_max.png in Resources */,
				E5D66A1B1DD417F800810600 /* video_play.png in Resources */,
				E5D66A1D1DD417F800810600 /* video_play_x.png in Resources */,
				E54B302D1DD99E1700EC08E4 /* loading.gif in Resources */,
				E5D66A101DD417F800810600 /* video_episode0.png in Resources */,
				E5D66A0D1DD417F800810600 /* video_directory.png in Resources */,
				E5A424211D9222FA00AEA1B5 /* Info.plist in Resources */,
				E5D66A191DD417F800810600 /* video_next.png in Resources */,
				E5B424E81D91131500FCB78F /* DownloadedCell.xib in Resources */,
				E5D66A0B1DD417F800810600 /* video_back_b.png in Resources */,
				E5D669FB1DD417F800810600 /* back.png in Resources */,
				E5D66A161DD417F800810600 /* video_max0.png in Resources */,
				E5D66A0A1DD417F800810600 /* video_back.png in Resources */,
				E5D66A061DD417F800810600 /* progress_cross_ok.png in Resources */,
				E5D66A181DD417F800810600 /* video_min0.png in Resources */,
				E5D669FE1DD417F800810600 /* init_html_on.png in Resources */,
				E5B424E31D9112F900FCB78F /* DownloadingCell.xib in Resources */,
				E5D66A211DD417F800810600 /* voice.png in Resources */,
				E5D66A021DD417F800810600 /* progress.png in Resources */,
				E577F0AB1D8FD8E900CAD0BE /* Assets.xcassets in Resources */,
			);
			runOnlyForDeploymentPostprocessing = 0;
		};
/* End PBXResourcesBuildPhase section */

/* Begin PBXSourcesBuildPhase section */
		E577F0971D8FD8E900CAD0BE /* Sources */ = {
			isa = PBXSourcesBuildPhase;
			buildActionMask = 2147483647;
			files = (
				E54B30251DD99A8000EC08E4 /* UIImage+MultiFormat.m in Sources */,
				E54B301F1DD99A8000EC08E4 /* SDWebImageDownloader.m in Sources */,
				E54B30261DD99A8000EC08E4 /* UIImage+WebP.m in Sources */,
				E577F0C61D8FDBBB00CAD0BE /* MainViewCtrl.m in Sources */,
				E5A424221D9222FA00AEA1B5 /* UserModel.m in Sources */,
				E54ED4F91DD3219A0088C066 /* CourseTableCell.m in Sources */,
				E5B424C71D90F2F000FCB78F /* ASIAuthenticationDialog.m in Sources */,
				E54B301B1DD99A8000EC08E4 /* NSData+ImageContentType.m in Sources */,
				E54B2FF51DD98E3F00EC08E4 /* BaseNavigationController.m in Sources */,
				E54B30201DD99A8000EC08E4 /* SDWebImageDownloaderOperation.m in Sources */,
				E5A424191D9222FA00AEA1B5 /* BaseModel.m in Sources */,
				E54B301E1DD99A8000EC08E4 /* SDWebImageDecoder.m in Sources */,
				E54ED5111DD32A590088C066 /* PlayerViewController.m in Sources */,
				E54ED4FC1DD3219A0088C066 /* MobilePlayerViewContrl.m in Sources */,
				E5A424241D9222FA00AEA1B5 /* ZDBModel.m in Sources */,
				E5A4241C1D9222FA00AEA1B5 /* FMDatabase.m in Sources */,
				E54B301A1DD99A8000EC08E4 /* MKAnnotationView+WebCache.m in Sources */,
				E54ED50A1DD3235A0088C066 /* AMProgressViewGradient.m in Sources */,
				E54B30271DD99A8000EC08E4 /* UIImageView+HighlightedWebCache.m in Sources */,
				E5D669D11DD40E3900810600 /* mobileMPMoviePlayerContrl.m in Sources */,
				E54B30231DD99A8000EC08E4 /* UIButton+WebCache.m in Sources */,
				E5B424C81D90F2F000FCB78F /* ASIDataCompressor.m in Sources */,
				E54B30281DD99A8000EC08E4 /* UIImageView+WebCache.m in Sources */,
				E5A424291D922E7100AEA1B5 /* DownloadModel.m in Sources */,
				E5A4241E1D9222FA00AEA1B5 /* FMDatabasePool.m in Sources */,
				E54ED4FD1DD3219A0088C066 /* MovieControlsView.m in Sources */,
				E54ED5091DD3235A0088C066 /* AMProgressView.m in Sources */,
				E5A424201D9222FA00AEA1B5 /* FMResultSet.m in Sources */,
				E5D66A251DD4554E00810600 /* GlobalData.m in Sources */,
				E5A4241D1D9222FA00AEA1B5 /* FMDatabaseAdditions.m in Sources */,
				E577F0A31D8FD8E900CAD0BE /* AppDelegate.m in Sources */,
				E577F0CF1D8FE56100CAD0BE /* MainTableViewCell.m in Sources */,
				E5B424CC1D90F2F000FCB78F /* ASIHTTPRequest.m in Sources */,
				E5B424CB1D90F2F000FCB78F /* ASIFormDataRequest.m in Sources */,
				E5B424CA1D90F2F000FCB78F /* ASIDownloadCache.m in Sources */,
				E5A4241F1D9222FA00AEA1B5 /* FMDatabaseQueue.m in Sources */,
				E5A4241A1D9222FA00AEA1B5 /* FileModel.m in Sources */,
				E54B30241DD99A8000EC08E4 /* UIImage+GIF.m in Sources */,
				E5B424CD1D90F2F000FCB78F /* ASIInputStream.m in Sources */,
				E54B30211DD99A8000EC08E4 /* SDWebImageManager.m in Sources */,
				E54ED4FA1DD3219A0088C066 /* CourseTableViewContrl.m in Sources */,
				E5B424E21D9112F900FCB78F /* DownloadingCell.m in Sources */,
				E5B424C91D90F2F000FCB78F /* ASIDataDecompressor.m in Sources */,
				E54B301D1DD99A8000EC08E4 /* SDWebImageCompat.m in Sources */,
				E5A4241B1D9222FA00AEA1B5 /* FilesDownManage.m in Sources */,
				E5A424231D9222FA00AEA1B5 /* ZDBHelper.m in Sources */,
				E5B424DE1D91120700FCB78F /* Reachability.m in Sources */,
				E54ED4FE1DD3219A0088C066 /* myhintView.m in Sources */,
				E54ED5001DD3219A0088C066 /* topBackView.m in Sources */,
				E54B30221DD99A8000EC08E4 /* SDWebImagePrefetcher.m in Sources */,
				E5B424E71D91131500FCB78F /* DownloadedCell.m in Sources */,
				E5B424CE1D90F2F000FCB78F /* ASINetworkQueue.m in Sources */,
				E54B30291DD99A8000EC08E4 /* UIView+WebCacheOperation.m in Sources */,
				E54B301C1DD99A8000EC08E4 /* SDImageCache.m in Sources */,
				E577F0A01D8FD8E900CAD0BE /* main.m in Sources */,
				E577F0D31D8FECDB00CAD0BE /* DownloadViewCtrl.m in Sources */,
			);
			runOnlyForDeploymentPostprocessing = 0;
		};
/* End PBXSourcesBuildPhase section */

/* Begin PBXVariantGroup section */
		E577F0AC1D8FD8E900CAD0BE /* LaunchScreen.storyboard */ = {
			isa = PBXVariantGroup;
			children = (
				E577F0AD1D8FD8E900CAD0BE /* Base */,
			);
			name = LaunchScreen.storyboard;
			sourceTree = "<group>";
		};
/* End PBXVariantGroup section */

/* Begin XCBuildConfiguration section */
		E577F0B01D8FD8E900CAD0BE /* Debug */ = {
			isa = XCBuildConfiguration;
			buildSettings = {
				ALWAYS_SEARCH_USER_PATHS = NO;
				CLANG_ANALYZER_NONNULL = YES;
				CLANG_CXX_LANGUAGE_STANDARD = "gnu++0x";
				CLANG_CXX_LIBRARY = "libc++";
				CLANG_ENABLE_MODULES = YES;
				CLANG_ENABLE_OBJC_ARC = YES;
				CLANG_WARN_BOOL_CONVERSION = YES;
				CLANG_WARN_CONSTANT_CONVERSION = YES;
				CLANG_WARN_DIRECT_OBJC_ISA_USAGE = YES_ERROR;
				CLANG_WARN_EMPTY_BODY = YES;
				CLANG_WARN_ENUM_CONVERSION = YES;
				CLANG_WARN_INT_CONVERSION = YES;
				CLANG_WARN_OBJC_ROOT_CLASS = YES_ERROR;
				CLANG_WARN_UNREACHABLE_CODE = YES;
				CLANG_WARN__DUPLICATE_METHOD_MATCH = YES;
				"CODE_SIGN_IDENTITY[sdk=iphoneos*]" = "iPhone Developer";
				COPY_PHASE_STRIP = NO;
				DEBUG_INFORMATION_FORMAT = dwarf;
				ENABLE_STRICT_OBJC_MSGSEND = YES;
				ENABLE_TESTABILITY = YES;
				GCC_C_LANGUAGE_STANDARD = gnu99;
				GCC_DYNAMIC_NO_PIC = NO;
				GCC_NO_COMMON_BLOCKS = YES;
				GCC_OPTIMIZATION_LEVEL = 0;
				GCC_PREPROCESSOR_DEFINITIONS = (
					"DEBUG=1",
					"$(inherited)",
				);
				GCC_WARN_64_TO_32_BIT_CONVERSION = YES;
				GCC_WARN_ABOUT_RETURN_TYPE = YES_ERROR;
				GCC_WARN_UNDECLARED_SELECTOR = YES;
				GCC_WARN_UNINITIALIZED_AUTOS = YES_AGGRESSIVE;
				GCC_WARN_UNUSED_FUNCTION = YES;
				GCC_WARN_UNUSED_VARIABLE = YES;
				IPHONEOS_DEPLOYMENT_TARGET = 9.3;
				MTL_ENABLE_DEBUG_INFO = YES;
				ONLY_ACTIVE_ARCH = YES;
				SDKROOT = iphoneos;
			};
			name = Debug;
		};
		E577F0B11D8FD8E900CAD0BE /* Release */ = {
			isa = XCBuildConfiguration;
			buildSettings = {
				ALWAYS_SEARCH_USER_PATHS = NO;
				CLANG_ANALYZER_NONNULL = YES;
				CLANG_CXX_LANGUAGE_STANDARD = "gnu++0x";
				CLANG_CXX_LIBRARY = "libc++";
				CLANG_ENABLE_MODULES = YES;
				CLANG_ENABLE_OBJC_ARC = YES;
				CLANG_WARN_BOOL_CONVERSION = YES;
				CLANG_WARN_CONSTANT_CONVERSION = YES;
				CLANG_WARN_DIRECT_OBJC_ISA_USAGE = YES_ERROR;
				CLANG_WARN_EMPTY_BODY = YES;
				CLANG_WARN_ENUM_CONVERSION = YES;
				CLANG_WARN_INT_CONVERSION = YES;
				CLANG_WARN_OBJC_ROOT_CLASS = YES_ERROR;
				CLANG_WARN_UNREACHABLE_CODE = YES;
				CLANG_WARN__DUPLICATE_METHOD_MATCH = YES;
				"CODE_SIGN_IDENTITY[sdk=iphoneos*]" = "iPhone Developer";
				COPY_PHASE_STRIP = NO;
				DEBUG_INFORMATION_FORMAT = "dwarf-with-dsym";
				ENABLE_NS_ASSERTIONS = NO;
				ENABLE_STRICT_OBJC_MSGSEND = YES;
				GCC_C_LANGUAGE_STANDARD = gnu99;
				GCC_NO_COMMON_BLOCKS = YES;
				GCC_WARN_64_TO_32_BIT_CONVERSION = YES;
				GCC_WARN_ABOUT_RETURN_TYPE = YES_ERROR;
				GCC_WARN_UNDECLARED_SELECTOR = YES;
				GCC_WARN_UNINITIALIZED_AUTOS = YES_AGGRESSIVE;
				GCC_WARN_UNUSED_FUNCTION = YES;
				GCC_WARN_UNUSED_VARIABLE = YES;
				IPHONEOS_DEPLOYMENT_TARGET = 9.3;
				MTL_ENABLE_DEBUG_INFO = NO;
				SDKROOT = iphoneos;
				VALIDATE_PRODUCT = YES;
			};
			name = Release;
		};
		E577F0B31D8FD8E900CAD0BE /* Debug */ = {
			isa = XCBuildConfiguration;
			buildSettings = {
				ASSETCATALOG_COMPILER_APPICON_NAME = AppIcon;
				CODE_SIGN_IDENTITY = "iPhone Developer";
				DEVELOPMENT_TEAM = D52TEC35MW;
				GCC_PREFIX_HEADER = "BJPlayer/BJPlayer-PrefixHeader.pch";
				INFOPLIST_FILE = BJPlayer/Info.plist;
				IPHONEOS_DEPLOYMENT_TARGET = 8.0;
				LD_RUNPATH_SEARCH_PATHS = "$(inherited) @executable_path/Frameworks ${SDK_DIR}/user/include/libxml2";
				PRODUCT_BUNDLE_IDENTIFIER = zhangwenjun.BJPlayer;
				PRODUCT_NAME = "$(TARGET_NAME)";
				PROVISIONING_PROFILE = "";
			};
			name = Debug;
		};
		E577F0B41D8FD8E900CAD0BE /* Release */ = {
			isa = XCBuildConfiguration;
			buildSettings = {
				ASSETCATALOG_COMPILER_APPICON_NAME = AppIcon;
				CODE_SIGN_IDENTITY = "iPhone Developer";
				DEVELOPMENT_TEAM = D52TEC35MW;
				GCC_PREFIX_HEADER = "BJPlayer/BJPlayer-PrefixHeader.pch";
				INFOPLIST_FILE = BJPlayer/Info.plist;
				IPHONEOS_DEPLOYMENT_TARGET = 8.0;
				LD_RUNPATH_SEARCH_PATHS = "$(inherited) @executable_path/Frameworks ${SDK_DIR}/user/include/libxml2";
				PRODUCT_BUNDLE_IDENTIFIER = zhangwenjun.BJPlayer;
				PRODUCT_NAME = "$(TARGET_NAME)";
				PROVISIONING_PROFILE = "";
			};
			name = Release;
		};
/* End XCBuildConfiguration section */

/* Begin XCConfigurationList section */
		E577F0961D8FD8E900CAD0BE /* Build configuration list for PBXProject "BJPlayer" */ = {
			isa = XCConfigurationList;
			buildConfigurations = (
				E577F0B01D8FD8E900CAD0BE /* Debug */,
				E577F0B11D8FD8E900CAD0BE /* Release */,
			);
			defaultConfigurationIsVisible = 0;
			defaultConfigurationName = Release;
		};
		E577F0B21D8FD8E900CAD0BE /* Build configuration list for PBXNativeTarget "BJPlayer" */ = {
			isa = XCConfigurationList;
			buildConfigurations = (
				E577F0B31D8FD8E900CAD0BE /* Debug */,
				E577F0B41D8FD8E900CAD0BE /* Release */,
			);
			defaultConfigurationIsVisible = 0;
			defaultConfigurationName = Release;
		};
/* End XCConfigurationList section */
	};
	rootObject = E577F0931D8FD8E900CAD0BE /* Project object */;
}
