// !$*UTF8*$!
{
	archiveVersion = 1;
	classes = {
	};
	objectVersion = 46;
	objects = {

/* Begin PBXBuildFile section */
		8792EC928C2C449622D1B75C /* libPods-BJPlayer.a in Frameworks */ = {isa = PBXBuildFile; fileRef = 620B6E1064BB3E284C44C58B /* libPods-BJPlayer.a */; };
		E501007E1E95EF07001200D7 /* BJAVPlayerView.m in Sources */ = {isa = PBXBuildFile; fileRef = E501007D1E95EF07001200D7 /* BJAVPlayerView.m */; };
		E50100801E9609B4001200D7 /* BJAVPlayerView.xib in Resources */ = {isa = PBXBuildFile; fileRef = E501007F1E9609B4001200D7 /* BJAVPlayerView.xib */; };
		E52F00381E8F7F6100C22E23 /* loading.gif in Resources */ = {isa = PBXBuildFile; fileRef = E52F00361E8F7F6100C22E23 /* loading.gif */; };
		E52F00391E8F7F6100C22E23 /* wildAnimal.mp4 in Resources */ = {isa = PBXBuildFile; fileRef = E52F00371E8F7F6100C22E23 /* wildAnimal.mp4 */; };
		E52F00631E8F7F9100C22E23 /* AMProgressView.m in Sources */ = {isa = PBXBuildFile; fileRef = E52F003D1E8F7F9100C22E23 /* AMProgressView.m */; };
		E52F00641E8F7F9100C22E23 /* AMProgressViewGradient.m in Sources */ = {isa = PBXBuildFile; fileRef = E52F003F1E8F7F9100C22E23 /* AMProgressViewGradient.m */; };
		E52F00651E8F7F9100C22E23 /* BaseModel.m in Sources */ = {isa = PBXBuildFile; fileRef = E52F00421E8F7F9100C22E23 /* BaseModel.m */; };
		E52F00661E8F7F9100C22E23 /* FileModel.m in Sources */ = {isa = PBXBuildFile; fileRef = E52F00441E8F7F9100C22E23 /* FileModel.m */; };
		E52F00671E8F7F9100C22E23 /* FilesDownManage.m in Sources */ = {isa = PBXBuildFile; fileRef = E52F00461E8F7F9100C22E23 /* FilesDownManage.m */; };
		E52F00681E8F7F9100C22E23 /* BJRefresh.m in Sources */ = {isa = PBXBuildFile; fileRef = E52F00491E8F7F9100C22E23 /* BJRefresh.m */; };
		E52F00691E8F7F9100C22E23 /* BJRefresh.xib in Resources */ = {isa = PBXBuildFile; fileRef = E52F004A1E8F7F9100C22E23 /* BJRefresh.xib */; };
		E52F006A1E8F7F9100C22E23 /* CourseTableCell.m in Sources */ = {isa = PBXBuildFile; fileRef = E52F004D1E8F7F9100C22E23 /* CourseTableCell.m */; };
		E52F006B1E8F7F9100C22E23 /* CourseTableViewContrl.m in Sources */ = {isa = PBXBuildFile; fileRef = E52F004F1E8F7F9100C22E23 /* CourseTableViewContrl.m */; };
		E52F006D1E8F7F9100C22E23 /* MobilePlayerViewContrl.m in Sources */ = {isa = PBXBuildFile; fileRef = E52F00531E8F7F9100C22E23 /* MobilePlayerViewContrl.m */; };
		E52F006E1E8F7F9100C22E23 /* MovieControlsView.m in Sources */ = {isa = PBXBuildFile; fileRef = E52F00551E8F7F9100C22E23 /* MovieControlsView.m */; };
		E52F006F1E8F7F9100C22E23 /* myhintView.m in Sources */ = {isa = PBXBuildFile; fileRef = E52F00571E8F7F9100C22E23 /* myhintView.m */; };
		E52F00701E8F7F9100C22E23 /* MyMoviePlayerViewController.m in Sources */ = {isa = PBXBuildFile; fileRef = E52F00591E8F7F9100C22E23 /* MyMoviePlayerViewController.m */; };
		E52F00711E8F7F9100C22E23 /* topBackView.m in Sources */ = {isa = PBXBuildFile; fileRef = E52F005B1E8F7F9100C22E23 /* topBackView.m */; };
		E52F00721E8F7F9100C22E23 /* UserModel.m in Sources */ = {isa = PBXBuildFile; fileRef = E52F005E1E8F7F9100C22E23 /* UserModel.m */; };
		E52F00731E8F7F9100C22E23 /* ZDBHelper.m in Sources */ = {isa = PBXBuildFile; fileRef = E52F00601E8F7F9100C22E23 /* ZDBHelper.m */; };
		E52F00741E8F7F9100C22E23 /* ZDBModel.m in Sources */ = {isa = PBXBuildFile; fileRef = E52F00621E8F7F9100C22E23 /* ZDBModel.m */; };
		E52F007E1E8F8AA800C22E23 /* MainTabBarController.m in Sources */ = {isa = PBXBuildFile; fileRef = E52F007D1E8F8AA800C22E23 /* MainTabBarController.m */; };
		E52F00811E8F8AC700C22E23 /* AVPlayerViewController.m in Sources */ = {isa = PBXBuildFile; fileRef = E52F00801E8F8AC700C22E23 /* AVPlayerViewController.m */; };
		E52F00991E8FA48100C22E23 /* DownloadViewCtrl.m in Sources */ = {isa = PBXBuildFile; fileRef = E52F00851E8FA48100C22E23 /* DownloadViewCtrl.m */; };
		E52F009A1E8FA48100C22E23 /* MainViewCtrl.m in Sources */ = {isa = PBXBuildFile; fileRef = E52F00871E8FA48100C22E23 /* MainViewCtrl.m */; };
		E52F009B1E8FA48100C22E23 /* MainWebViewController.m in Sources */ = {isa = PBXBuildFile; fileRef = E52F00891E8FA48100C22E23 /* MainWebViewController.m */; };
		E52F009C1E8FA48100C22E23 /* PlayerViewController.m in Sources */ = {isa = PBXBuildFile; fileRef = E52F008B1E8FA48100C22E23 /* PlayerViewController.m */; };
		E52F009D1E8FA48100C22E23 /* DownloadModel.m in Sources */ = {isa = PBXBuildFile; fileRef = E52F008E1E8FA48100C22E23 /* DownloadModel.m */; };
		E52F009E1E8FA48100C22E23 /* DownloadedCell.m in Sources */ = {isa = PBXBuildFile; fileRef = E52F00911E8FA48100C22E23 /* DownloadedCell.m */; };
		E52F009F1E8FA48100C22E23 /* DownloadedCell.xib in Resources */ = {isa = PBXBuildFile; fileRef = E52F00921E8FA48100C22E23 /* DownloadedCell.xib */; };
		E52F00A01E8FA48100C22E23 /* DownloadingCell.m in Sources */ = {isa = PBXBuildFile; fileRef = E52F00941E8FA48100C22E23 /* DownloadingCell.m */; };
		E52F00A11E8FA48100C22E23 /* DownloadingCell.xib in Resources */ = {isa = PBXBuildFile; fileRef = E52F00951E8FA48100C22E23 /* DownloadingCell.xib */; };
		E52F00A21E8FA48100C22E23 /* MainTableViewCell.m in Sources */ = {isa = PBXBuildFile; fileRef = E52F00971E8FA48100C22E23 /* MainTableViewCell.m */; };
		E52F00A31E8FA48100C22E23 /* MainTableViewCell.xib in Resources */ = {isa = PBXBuildFile; fileRef = E52F00981E8FA48100C22E23 /* MainTableViewCell.xib */; };
		E54B2FF51DD98E3F00EC08E4 /* BaseNavigationController.m in Sources */ = {isa = PBXBuildFile; fileRef = E54B2FF41DD98E3F00EC08E4 /* BaseNavigationController.m */; };
		E577F0A01D8FD8E900CAD0BE /* main.m in Sources */ = {isa = PBXBuildFile; fileRef = E577F09F1D8FD8E900CAD0BE /* main.m */; };
		E577F0A31D8FD8E900CAD0BE /* AppDelegate.m in Sources */ = {isa = PBXBuildFile; fileRef = E577F0A21D8FD8E900CAD0BE /* AppDelegate.m */; };
		E577F0AB1D8FD8E900CAD0BE /* Assets.xcassets in Resources */ = {isa = PBXBuildFile; fileRef = E577F0AA1D8FD8E900CAD0BE /* Assets.xcassets */; };
		E5A424261D92231F00AEA1B5 /* libsqlite3.0.tbd in Frameworks */ = {isa = PBXBuildFile; fileRef = E5A424251D92231F00AEA1B5 /* libsqlite3.0.tbd */; };
		E5B424C71D90F2F000FCB78F /* ASIAuthenticationDialog.m in Sources */ = {isa = PBXBuildFile; fileRef = E5B424B41D90F2F000FCB78F /* ASIAuthenticationDialog.m */; settings = {COMPILER_FLAGS = "-fno-objc-arc"; }; };
		E5B424C81D90F2F000FCB78F /* ASIDataCompressor.m in Sources */ = {isa = PBXBuildFile; fileRef = E5B424B71D90F2F000FCB78F /* ASIDataCompressor.m */; settings = {COMPILER_FLAGS = "-fno-objc-arc"; }; };
		E5B424C91D90F2F000FCB78F /* ASIDataDecompressor.m in Sources */ = {isa = PBXBuildFile; fileRef = E5B424B91D90F2F000FCB78F /* ASIDataDecompressor.m */; settings = {COMPILER_FLAGS = "-fno-objc-arc"; }; };
		E5B424CA1D90F2F000FCB78F /* ASIDownloadCache.m in Sources */ = {isa = PBXBuildFile; fileRef = E5B424BB1D90F2F000FCB78F /* ASIDownloadCache.m */; settings = {COMPILER_FLAGS = "-fno-objc-arc"; }; };
		E5B424CB1D90F2F000FCB78F /* ASIFormDataRequest.m in Sources */ = {isa = PBXBuildFile; fileRef = E5B424BD1D90F2F000FCB78F /* ASIFormDataRequest.m */; settings = {COMPILER_FLAGS = "-fno-objc-arc"; }; };
		E5B424CC1D90F2F000FCB78F /* ASIHTTPRequest.m in Sources */ = {isa = PBXBuildFile; fileRef = E5B424BF1D90F2F000FCB78F /* ASIHTTPRequest.m */; settings = {COMPILER_FLAGS = "-fno-objc-arc"; }; };
		E5B424CD1D90F2F000FCB78F /* ASIInputStream.m in Sources */ = {isa = PBXBuildFile; fileRef = E5B424C31D90F2F000FCB78F /* ASIInputStream.m */; settings = {COMPILER_FLAGS = "-fno-objc-arc"; }; };
		E5B424CE1D90F2F000FCB78F /* ASINetworkQueue.m in Sources */ = {isa = PBXBuildFile; fileRef = E5B424C51D90F2F000FCB78F /* ASINetworkQueue.m */; settings = {COMPILER_FLAGS = "-fno-objc-arc"; }; };
		E5B424D01D910DA800FCB78F /* libz.tbd in Frameworks */ = {isa = PBXBuildFile; fileRef = E5B424CF1D910DA800FCB78F /* libz.tbd */; };
		E5B424D21D910DB000FCB78F /* SystemConfiguration.framework in Frameworks */ = {isa = PBXBuildFile; fileRef = E5B424D11D910DB000FCB78F /* SystemConfiguration.framework */; };
		E5B424D41D910DC200FCB78F /* MobileCoreServices.framework in Frameworks */ = {isa = PBXBuildFile; fileRef = E5B424D31D910DC200FCB78F /* MobileCoreServices.framework */; };
		E5B424D61D910DC900FCB78F /* CFNetwork.framework in Frameworks */ = {isa = PBXBuildFile; fileRef = E5B424D51D910DC900FCB78F /* CFNetwork.framework */; };
		E5B424D81D910E4800FCB78F /* CoreGraphics.framework in Frameworks */ = {isa = PBXBuildFile; fileRef = E5B424D71D910E4800FCB78F /* CoreGraphics.framework */; };
		E5B424DA1D910E9800FCB78F /* libxml2.tbd in Frameworks */ = {isa = PBXBuildFile; fileRef = E5B424D91D910E9800FCB78F /* libxml2.tbd */; };
		E5B424DE1D91120700FCB78F /* Reachability.m in Sources */ = {isa = PBXBuildFile; fileRef = E5B424DD1D91120700FCB78F /* Reachability.m */; };
		E5D669FB1DD417F800810600 /* back.png in Resources */ = {isa = PBXBuildFile; fileRef = E5D669D31DD417F800810600 /* back.png */; };
		E5D669FC1DD417F800810600 /* fast.png in Resources */ = {isa = PBXBuildFile; fileRef = E5D669D41DD417F800810600 /* fast.png */; };
		E5D669FD1DD417F800810600 /* init_html_off.png in Resources */ = {isa = PBXBuildFile; fileRef = E5D669D51DD417F800810600 /* init_html_off.png */; };
		E5D669FE1DD417F800810600 /* init_html_on.png in Resources */ = {isa = PBXBuildFile; fileRef = E5D669D61DD417F800810600 /* init_html_on.png */; };
		E5D669FF1DD417F800810600 /* light.png in Resources */ = {isa = PBXBuildFile; fileRef = E5D669D71DD417F800810600 /* light.png */; };
		E5D66A001DD417F800810600 /* point.png in Resources */ = {isa = PBXBuildFile; fileRef = E5D669D81DD417F800810600 /* point.png */; };
		E5D66A011DD417F800810600 /* point0.png in Resources */ = {isa = PBXBuildFile; fileRef = E5D669D91DD417F800810600 /* point0.png */; };
		E5D66A021DD417F800810600 /* progress.png in Resources */ = {isa = PBXBuildFile; fileRef = E5D669DA1DD417F800810600 /* progress.png */; };
		E5D66A031DD417F800810600 /* progress0.png in Resources */ = {isa = PBXBuildFile; fileRef = E5D669DB1DD417F800810600 /* progress0.png */; };
		E5D66A041DD417F800810600 /* progress_cross.png in Resources */ = {isa = PBXBuildFile; fileRef = E5D669DC1DD417F800810600 /* progress_cross.png */; };
		E5D66A051DD417F800810600 /* progress_cross_o.png in Resources */ = {isa = PBXBuildFile; fileRef = E5D669DD1DD417F800810600 /* progress_cross_o.png */; };
		E5D66A061DD417F800810600 /* progress_cross_ok.png in Resources */ = {isa = PBXBuildFile; fileRef = E5D669DE1DD417F800810600 /* progress_cross_ok.png */; };
		E5D66A071DD417F800810600 /* progress_point.png in Resources */ = {isa = PBXBuildFile; fileRef = E5D669DF1DD417F800810600 /* progress_point.png */; };
		E5D66A081DD417F800810600 /* suspended.png in Resources */ = {isa = PBXBuildFile; fileRef = E5D669E01DD417F800810600 /* suspended.png */; };
		E5D66A091DD417F800810600 /* suspended0.png in Resources */ = {isa = PBXBuildFile; fileRef = E5D669E11DD417F800810600 /* suspended0.png */; };
		E5D66A0A1DD417F800810600 /* video_back.png in Resources */ = {isa = PBXBuildFile; fileRef = E5D669E21DD417F800810600 /* video_back.png */; };
		E5D66A0B1DD417F800810600 /* video_back_b.png in Resources */ = {isa = PBXBuildFile; fileRef = E5D669E31DD417F800810600 /* video_back_b.png */; };
		E5D66A0C1DD417F800810600 /* video_back_b0.png in Resources */ = {isa = PBXBuildFile; fileRef = E5D669E41DD417F800810600 /* video_back_b0.png */; };
		E5D66A0D1DD417F800810600 /* video_directory.png in Resources */ = {isa = PBXBuildFile; fileRef = E5D669E51DD417F800810600 /* video_directory.png */; };
		E5D66A0E1DD417F800810600 /* video_directory0.png in Resources */ = {isa = PBXBuildFile; fileRef = E5D669E61DD417F800810600 /* video_directory0.png */; };
		E5D66A0F1DD417F800810600 /* video_episode.png in Resources */ = {isa = PBXBuildFile; fileRef = E5D669E71DD417F800810600 /* video_episode.png */; };
		E5D66A101DD417F800810600 /* video_episode0.png in Resources */ = {isa = PBXBuildFile; fileRef = E5D669E81DD417F800810600 /* video_episode0.png */; };
		E5D66A111DD417F800810600 /* video_lock.png in Resources */ = {isa = PBXBuildFile; fileRef = E5D669E91DD417F800810600 /* video_lock.png */; };
		E5D66A121DD417F800810600 /* video_lock0.png in Resources */ = {isa = PBXBuildFile; fileRef = E5D669EA1DD417F800810600 /* video_lock0.png */; };
		E5D66A131DD417F800810600 /* video_lock_no.png in Resources */ = {isa = PBXBuildFile; fileRef = E5D669EB1DD417F800810600 /* video_lock_no.png */; };
		E5D66A141DD417F800810600 /* video_lock_no0.png in Resources */ = {isa = PBXBuildFile; fileRef = E5D669EC1DD417F800810600 /* video_lock_no0.png */; };
		E5D66A151DD417F800810600 /* video_max.png in Resources */ = {isa = PBXBuildFile; fileRef = E5D669ED1DD417F800810600 /* video_max.png */; };
		E5D66A161DD417F800810600 /* video_max0.png in Resources */ = {isa = PBXBuildFile; fileRef = E5D669EE1DD417F800810600 /* video_max0.png */; };
		E5D66A171DD417F800810600 /* video_min.png in Resources */ = {isa = PBXBuildFile; fileRef = E5D669EF1DD417F800810600 /* video_min.png */; };
		E5D66A181DD417F800810600 /* video_min0.png in Resources */ = {isa = PBXBuildFile; fileRef = E5D669F01DD417F800810600 /* video_min0.png */; };
		E5D66A191DD417F800810600 /* video_next.png in Resources */ = {isa = PBXBuildFile; fileRef = E5D669F11DD417F800810600 /* video_next.png */; };
		E5D66A1A1DD417F800810600 /* video_next0.png in Resources */ = {isa = PBXBuildFile; fileRef = E5D669F21DD417F800810600 /* video_next0.png */; };
		E5D66A1B1DD417F800810600 /* video_play.png in Resources */ = {isa = PBXBuildFile; fileRef = E5D669F31DD417F800810600 /* video_play.png */; };
		E5D66A1C1DD417F800810600 /* video_play0.png in Resources */ = {isa = PBXBuildFile; fileRef = E5D669F41DD417F800810600 /* video_play0.png */; };
		E5D66A1D1DD417F800810600 /* video_play_x.png in Resources */ = {isa = PBXBuildFile; fileRef = E5D669F51DD417F800810600 /* video_play_x.png */; };
		E5D66A1E1DD417F800810600 /* video_play_x0.png in Resources */ = {isa = PBXBuildFile; fileRef = E5D669F61DD417F800810600 /* video_play_x0.png */; };
		E5D66A1F1DD417F800810600 /* video_suspended.png in Resources */ = {isa = PBXBuildFile; fileRef = E5D669F71DD417F800810600 /* video_suspended.png */; };
		E5D66A201DD417F800810600 /* video_suspended0.png in Resources */ = {isa = PBXBuildFile; fileRef = E5D669F81DD417F800810600 /* video_suspended0.png */; };
		E5D66A211DD417F800810600 /* voice.png in Resources */ = {isa = PBXBuildFile; fileRef = E5D669F91DD417F800810600 /* voice.png */; };
		E5D66A221DD417F800810600 /* voice_no.png in Resources */ = {isa = PBXBuildFile; fileRef = E5D669FA1DD417F800810600 /* voice_no.png */; };
		E5D66A251DD4554E00810600 /* GlobalData.m in Sources */ = {isa = PBXBuildFile; fileRef = E5D66A241DD4554E00810600 /* GlobalData.m */; };
		E5F2D1831E9207F300E5B32A /* LaunchView.xib in Resources */ = {isa = PBXBuildFile; fileRef = E5F2D1821E9207F300E5B32A /* LaunchView.xib */; };
		E5F2D1861E92283A00E5B32A /* MainTableModel.m in Sources */ = {isa = PBXBuildFile; fileRef = E5F2D1851E92283A00E5B32A /* MainTableModel.m */; };
/* End PBXBuildFile section */

/* Begin PBXFileReference section */
		5846DCD53182F41398D246FD /* Pods-BJPlayer.debug.xcconfig */ = {isa = PBXFileReference; includeInIndex = 1; lastKnownFileType = text.xcconfig; name = "Pods-BJPlayer.debug.xcconfig"; path = "Pods/Target Support Files/Pods-BJPlayer/Pods-BJPlayer.debug.xcconfig"; sourceTree = "<group>"; };
		620B6E1064BB3E284C44C58B /* libPods-BJPlayer.a */ = {isa = PBXFileReference; explicitFileType = archive.ar; includeInIndex = 0; path = "libPods-BJPlayer.a"; sourceTree = BUILT_PRODUCTS_DIR; };
		71772E64FB575DB0EE39781A /* Pods-BJPlayer.release.xcconfig */ = {isa = PBXFileReference; includeInIndex = 1; lastKnownFileType = text.xcconfig; name = "Pods-BJPlayer.release.xcconfig"; path = "Pods/Target Support Files/Pods-BJPlayer/Pods-BJPlayer.release.xcconfig"; sourceTree = "<group>"; };
		E501007C1E95EF07001200D7 /* BJAVPlayerView.h */ = {isa = PBXFileReference; fileEncoding = 4; lastKnownFileType = sourcecode.c.h; name = BJAVPlayerView.h; path = BJPlayer/Class/Utils/AVPlayer/BJAVPlayerView.h; sourceTree = SOURCE_ROOT; };
		E501007D1E95EF07001200D7 /* BJAVPlayerView.m */ = {isa = PBXFileReference; fileEncoding = 4; lastKnownFileType = sourcecode.c.objc; name = BJAVPlayerView.m; path = BJPlayer/Class/Utils/AVPlayer/BJAVPlayerView.m; sourceTree = SOURCE_ROOT; };
		E501007F1E9609B4001200D7 /* BJAVPlayerView.xib */ = {isa = PBXFileReference; fileEncoding = 4; lastKnownFileType = file.xib; path = BJAVPlayerView.xib; sourceTree = "<group>"; };
		E50100811E960FC3001200D7 /* AppDelegate.h */ = {isa = PBXFileReference; fileEncoding = 4; lastKnownFileType = sourcecode.c.h; path = AppDelegate.h; sourceTree = "<group>"; };
		E52F00361E8F7F6100C22E23 /* loading.gif */ = {isa = PBXFileReference; lastKnownFileType = image.gif; path = loading.gif; sourceTree = "<group>"; };
		E52F00371E8F7F6100C22E23 /* wildAnimal.mp4 */ = {isa = PBXFileReference; lastKnownFileType = file; path = wildAnimal.mp4; sourceTree = "<group>"; };
		E52F003C1E8F7F9100C22E23 /* AMProgressView.h */ = {isa = PBXFileReference; fileEncoding = 4; lastKnownFileType = sourcecode.c.h; path = AMProgressView.h; sourceTree = "<group>"; };
		E52F003D1E8F7F9100C22E23 /* AMProgressView.m */ = {isa = PBXFileReference; fileEncoding = 4; lastKnownFileType = sourcecode.c.objc; path = AMProgressView.m; sourceTree = "<group>"; };
		E52F003E1E8F7F9100C22E23 /* AMProgressViewGradient.h */ = {isa = PBXFileReference; fileEncoding = 4; lastKnownFileType = sourcecode.c.h; path = AMProgressViewGradient.h; sourceTree = "<group>"; };
		E52F003F1E8F7F9100C22E23 /* AMProgressViewGradient.m */ = {isa = PBXFileReference; fileEncoding = 4; lastKnownFileType = sourcecode.c.objc; path = AMProgressViewGradient.m; sourceTree = "<group>"; };
		E52F00411E8F7F9100C22E23 /* BaseModel.h */ = {isa = PBXFileReference; fileEncoding = 4; lastKnownFileType = sourcecode.c.h; path = BaseModel.h; sourceTree = "<group>"; };
		E52F00421E8F7F9100C22E23 /* BaseModel.m */ = {isa = PBXFileReference; fileEncoding = 4; lastKnownFileType = sourcecode.c.objc; path = BaseModel.m; sourceTree = "<group>"; };
		E52F00431E8F7F9100C22E23 /* FileModel.h */ = {isa = PBXFileReference; fileEncoding = 4; lastKnownFileType = sourcecode.c.h; path = FileModel.h; sourceTree = "<group>"; };
		E52F00441E8F7F9100C22E23 /* FileModel.m */ = {isa = PBXFileReference; fileEncoding = 4; lastKnownFileType = sourcecode.c.objc; path = FileModel.m; sourceTree = "<group>"; };
		E52F00451E8F7F9100C22E23 /* FilesDownManage.h */ = {isa = PBXFileReference; fileEncoding = 4; lastKnownFileType = sourcecode.c.h; path = FilesDownManage.h; sourceTree = "<group>"; };
		E52F00461E8F7F9100C22E23 /* FilesDownManage.m */ = {isa = PBXFileReference; fileEncoding = 4; lastKnownFileType = sourcecode.c.objc; path = FilesDownManage.m; sourceTree = "<group>"; };
		E52F00481E8F7F9100C22E23 /* BJRefresh.h */ = {isa = PBXFileReference; fileEncoding = 4; lastKnownFileType = sourcecode.c.h; path = BJRefresh.h; sourceTree = "<group>"; };
		E52F00491E8F7F9100C22E23 /* BJRefresh.m */ = {isa = PBXFileReference; fileEncoding = 4; lastKnownFileType = sourcecode.c.objc; path = BJRefresh.m; sourceTree = "<group>"; };
		E52F004A1E8F7F9100C22E23 /* BJRefresh.xib */ = {isa = PBXFileReference; fileEncoding = 4; lastKnownFileType = file.xib; path = BJRefresh.xib; sourceTree = "<group>"; };
		E52F004C1E8F7F9100C22E23 /* CourseTableCell.h */ = {isa = PBXFileReference; fileEncoding = 4; lastKnownFileType = sourcecode.c.h; path = CourseTableCell.h; sourceTree = "<group>"; };
		E52F004D1E8F7F9100C22E23 /* CourseTableCell.m */ = {isa = PBXFileReference; fileEncoding = 4; lastKnownFileType = sourcecode.c.objc; path = CourseTableCell.m; sourceTree = "<group>"; };
		E52F004E1E8F7F9100C22E23 /* CourseTableViewContrl.h */ = {isa = PBXFileReference; fileEncoding = 4; lastKnownFileType = sourcecode.c.h; path = CourseTableViewContrl.h; sourceTree = "<group>"; };
		E52F004F1E8F7F9100C22E23 /* CourseTableViewContrl.m */ = {isa = PBXFileReference; fileEncoding = 4; lastKnownFileType = sourcecode.c.objc; path = CourseTableViewContrl.m; sourceTree = "<group>"; };
		E52F00521E8F7F9100C22E23 /* MobilePlayerViewContrl.h */ = {isa = PBXFileReference; fileEncoding = 4; lastKnownFileType = sourcecode.c.h; path = MobilePlayerViewContrl.h; sourceTree = "<group>"; };
		E52F00531E8F7F9100C22E23 /* MobilePlayerViewContrl.m */ = {isa = PBXFileReference; fileEncoding = 4; lastKnownFileType = sourcecode.c.objc; path = MobilePlayerViewContrl.m; sourceTree = "<group>"; };
		E52F00541E8F7F9100C22E23 /* MovieControlsView.h */ = {isa = PBXFileReference; fileEncoding = 4; lastKnownFileType = sourcecode.c.h; path = MovieControlsView.h; sourceTree = "<group>"; };
		E52F00551E8F7F9100C22E23 /* MovieControlsView.m */ = {isa = PBXFileReference; fileEncoding = 4; lastKnownFileType = sourcecode.c.objc; path = MovieControlsView.m; sourceTree = "<group>"; };
		E52F00561E8F7F9100C22E23 /* myhintView.h */ = {isa = PBXFileReference; fileEncoding = 4; lastKnownFileType = sourcecode.c.h; path = myhintView.h; sourceTree = "<group>"; };
		E52F00571E8F7F9100C22E23 /* myhintView.m */ = {isa = PBXFileReference; fileEncoding = 4; lastKnownFileType = sourcecode.c.objc; path = myhintView.m; sourceTree = "<group>"; };
		E52F00581E8F7F9100C22E23 /* MyMoviePlayerViewController.h */ = {isa = PBXFileReference; fileEncoding = 4; lastKnownFileType = sourcecode.c.h; path = MyMoviePlayerViewController.h; sourceTree = "<group>"; };
		E52F00591E8F7F9100C22E23 /* MyMoviePlayerViewController.m */ = {isa = PBXFileReference; fileEncoding = 4; lastKnownFileType = sourcecode.c.objc; path = MyMoviePlayerViewController.m; sourceTree = "<group>"; };
		E52F005A1E8F7F9100C22E23 /* topBackView.h */ = {isa = PBXFileReference; fileEncoding = 4; lastKnownFileType = sourcecode.c.h; path = topBackView.h; sourceTree = "<group>"; };
		E52F005B1E8F7F9100C22E23 /* topBackView.m */ = {isa = PBXFileReference; fileEncoding = 4; lastKnownFileType = sourcecode.c.objc; path = topBackView.m; sourceTree = "<group>"; };
		E52F005D1E8F7F9100C22E23 /* UserModel.h */ = {isa = PBXFileReference; fileEncoding = 4; lastKnownFileType = sourcecode.c.h; path = UserModel.h; sourceTree = "<group>"; };
		E52F005E1E8F7F9100C22E23 /* UserModel.m */ = {isa = PBXFileReference; fileEncoding = 4; lastKnownFileType = sourcecode.c.objc; path = UserModel.m; sourceTree = "<group>"; };
		E52F005F1E8F7F9100C22E23 /* ZDBHelper.h */ = {isa = PBXFileReference; fileEncoding = 4; lastKnownFileType = sourcecode.c.h; path = ZDBHelper.h; sourceTree = "<group>"; };
		E52F00601E8F7F9100C22E23 /* ZDBHelper.m */ = {isa = PBXFileReference; fileEncoding = 4; lastKnownFileType = sourcecode.c.objc; path = ZDBHelper.m; sourceTree = "<group>"; };
		E52F00611E8F7F9100C22E23 /* ZDBModel.h */ = {isa = PBXFileReference; fileEncoding = 4; lastKnownFileType = sourcecode.c.h; path = ZDBModel.h; sourceTree = "<group>"; };
		E52F00621E8F7F9100C22E23 /* ZDBModel.m */ = {isa = PBXFileReference; fileEncoding = 4; lastKnownFileType = sourcecode.c.objc; path = ZDBModel.m; sourceTree = "<group>"; };
		E52F007C1E8F8AA800C22E23 /* MainTabBarController.h */ = {isa = PBXFileReference; fileEncoding = 4; lastKnownFileType = sourcecode.c.h; path = MainTabBarController.h; sourceTree = "<group>"; };
		E52F007D1E8F8AA800C22E23 /* MainTabBarController.m */ = {isa = PBXFileReference; fileEncoding = 4; lastKnownFileType = sourcecode.c.objc; path = MainTabBarController.m; sourceTree = "<group>"; };
		E52F007F1E8F8AC700C22E23 /* AVPlayerViewController.h */ = {isa = PBXFileReference; fileEncoding = 4; lastKnownFileType = sourcecode.c.h; path = AVPlayerViewController.h; sourceTree = "<group>"; };
		E52F00801E8F8AC700C22E23 /* AVPlayerViewController.m */ = {isa = PBXFileReference; fileEncoding = 4; lastKnownFileType = sourcecode.c.objc; path = AVPlayerViewController.m; sourceTree = "<group>"; };
		E52F00841E8FA48100C22E23 /* DownloadViewCtrl.h */ = {isa = PBXFileReference; fileEncoding = 4; lastKnownFileType = sourcecode.c.h; path = DownloadViewCtrl.h; sourceTree = "<group>"; };
		E52F00851E8FA48100C22E23 /* DownloadViewCtrl.m */ = {isa = PBXFileReference; fileEncoding = 4; lastKnownFileType = sourcecode.c.objc; path = DownloadViewCtrl.m; sourceTree = "<group>"; };
		E52F00861E8FA48100C22E23 /* MainViewCtrl.h */ = {isa = PBXFileReference; fileEncoding = 4; lastKnownFileType = sourcecode.c.h; path = MainViewCtrl.h; sourceTree = "<group>"; };
		E52F00871E8FA48100C22E23 /* MainViewCtrl.m */ = {isa = PBXFileReference; fileEncoding = 4; lastKnownFileType = sourcecode.c.objc; path = MainViewCtrl.m; sourceTree = "<group>"; };
		E52F00881E8FA48100C22E23 /* MainWebViewController.h */ = {isa = PBXFileReference; fileEncoding = 4; lastKnownFileType = sourcecode.c.h; path = MainWebViewController.h; sourceTree = "<group>"; };
		E52F00891E8FA48100C22E23 /* MainWebViewController.m */ = {isa = PBXFileReference; fileEncoding = 4; lastKnownFileType = sourcecode.c.objc; path = MainWebViewController.m; sourceTree = "<group>"; };
		E52F008A1E8FA48100C22E23 /* PlayerViewController.h */ = {isa = PBXFileReference; fileEncoding = 4; lastKnownFileType = sourcecode.c.h; path = PlayerViewController.h; sourceTree = "<group>"; };
		E52F008B1E8FA48100C22E23 /* PlayerViewController.m */ = {isa = PBXFileReference; fileEncoding = 4; lastKnownFileType = sourcecode.c.objc; path = PlayerViewController.m; sourceTree = "<group>"; };
		E52F008D1E8FA48100C22E23 /* DownloadModel.h */ = {isa = PBXFileReference; fileEncoding = 4; lastKnownFileType = sourcecode.c.h; path = DownloadModel.h; sourceTree = "<group>"; };
		E52F008E1E8FA48100C22E23 /* DownloadModel.m */ = {isa = PBXFileReference; fileEncoding = 4; lastKnownFileType = sourcecode.c.objc; path = DownloadModel.m; sourceTree = "<group>"; };
		E52F00901E8FA48100C22E23 /* DownloadedCell.h */ = {isa = PBXFileReference; fileEncoding = 4; lastKnownFileType = sourcecode.c.h; path = DownloadedCell.h; sourceTree = "<group>"; };
		E52F00911E8FA48100C22E23 /* DownloadedCell.m */ = {isa = PBXFileReference; fileEncoding = 4; lastKnownFileType = sourcecode.c.objc; path = DownloadedCell.m; sourceTree = "<group>"; };
		E52F00921E8FA48100C22E23 /* DownloadedCell.xib */ = {isa = PBXFileReference; fileEncoding = 4; lastKnownFileType = file.xib; path = DownloadedCell.xib; sourceTree = "<group>"; };
		E52F00931E8FA48100C22E23 /* DownloadingCell.h */ = {isa = PBXFileReference; fileEncoding = 4; lastKnownFileType = sourcecode.c.h; path = DownloadingCell.h; sourceTree = "<group>"; };
		E52F00941E8FA48100C22E23 /* DownloadingCell.m */ = {isa = PBXFileReference; fileEncoding = 4; lastKnownFileType = sourcecode.c.objc; path = DownloadingCell.m; sourceTree = "<group>"; };
		E52F00951E8FA48100C22E23 /* DownloadingCell.xib */ = {isa = PBXFileReference; fileEncoding = 4; lastKnownFileType = file.xib; path = DownloadingCell.xib; sourceTree = "<group>"; };
		E52F00961E8FA48100C22E23 /* MainTableViewCell.h */ = {isa = PBXFileReference; fileEncoding = 4; lastKnownFileType = sourcecode.c.h; path = MainTableViewCell.h; sourceTree = "<group>"; };
		E52F00971E8FA48100C22E23 /* MainTableViewCell.m */ = {isa = PBXFileReference; fileEncoding = 4; lastKnownFileType = sourcecode.c.objc; path = MainTableViewCell.m; sourceTree = "<group>"; };
		E52F00981E8FA48100C22E23 /* MainTableViewCell.xib */ = {isa = PBXFileReference; fileEncoding = 4; lastKnownFileType = file.xib; path = MainTableViewCell.xib; sourceTree = "<group>"; };
		E54B2FF31DD98E3F00EC08E4 /* BaseNavigationController.h */ = {isa = PBXFileReference; fileEncoding = 4; lastKnownFileType = sourcecode.c.h; path = BaseNavigationController.h; sourceTree = "<group>"; };
		E54B2FF41DD98E3F00EC08E4 /* BaseNavigationController.m */ = {isa = PBXFileReference; fileEncoding = 4; lastKnownFileType = sourcecode.c.objc; path = BaseNavigationController.m; sourceTree = "<group>"; };
		E577F09B1D8FD8E900CAD0BE /* BJPlayer.app */ = {isa = PBXFileReference; explicitFileType = wrapper.application; includeInIndex = 0; path = BJPlayer.app; sourceTree = BUILT_PRODUCTS_DIR; };
		E577F09F1D8FD8E900CAD0BE /* main.m */ = {isa = PBXFileReference; lastKnownFileType = sourcecode.c.objc; path = main.m; sourceTree = "<group>"; };
		E577F0A21D8FD8E900CAD0BE /* AppDelegate.m */ = {isa = PBXFileReference; lastKnownFileType = sourcecode.c.objc; path = AppDelegate.m; sourceTree = "<group>"; };
		E577F0AA1D8FD8E900CAD0BE /* Assets.xcassets */ = {isa = PBXFileReference; lastKnownFileType = folder.assetcatalog; path = Assets.xcassets; sourceTree = "<group>"; };
		E577F0AF1D8FD8E900CAD0BE /* Info.plist */ = {isa = PBXFileReference; lastKnownFileType = text.plist.xml; path = Info.plist; sourceTree = "<group>"; };
		E5A424251D92231F00AEA1B5 /* libsqlite3.0.tbd */ = {isa = PBXFileReference; lastKnownFileType = "sourcecode.text-based-dylib-definition"; name = libsqlite3.0.tbd; path = usr/lib/libsqlite3.0.tbd; sourceTree = SDKROOT; };
		E5B424B31D90F2F000FCB78F /* ASIAuthenticationDialog.h */ = {isa = PBXFileReference; fileEncoding = 4; lastKnownFileType = sourcecode.c.h; path = ASIAuthenticationDialog.h; sourceTree = "<group>"; };
		E5B424B41D90F2F000FCB78F /* ASIAuthenticationDialog.m */ = {isa = PBXFileReference; fileEncoding = 4; lastKnownFileType = sourcecode.c.objc; path = ASIAuthenticationDialog.m; sourceTree = "<group>"; };
		E5B424B51D90F2F000FCB78F /* ASICacheDelegate.h */ = {isa = PBXFileReference; fileEncoding = 4; lastKnownFileType = sourcecode.c.h; path = ASICacheDelegate.h; sourceTree = "<group>"; };
		E5B424B61D90F2F000FCB78F /* ASIDataCompressor.h */ = {isa = PBXFileReference; fileEncoding = 4; lastKnownFileType = sourcecode.c.h; path = ASIDataCompressor.h; sourceTree = "<group>"; };
		E5B424B71D90F2F000FCB78F /* ASIDataCompressor.m */ = {isa = PBXFileReference; fileEncoding = 4; lastKnownFileType = sourcecode.c.objc; path = ASIDataCompressor.m; sourceTree = "<group>"; };
		E5B424B81D90F2F000FCB78F /* ASIDataDecompressor.h */ = {isa = PBXFileReference; fileEncoding = 4; lastKnownFileType = sourcecode.c.h; path = ASIDataDecompressor.h; sourceTree = "<group>"; };
		E5B424B91D90F2F000FCB78F /* ASIDataDecompressor.m */ = {isa = PBXFileReference; fileEncoding = 4; lastKnownFileType = sourcecode.c.objc; path = ASIDataDecompressor.m; sourceTree = "<group>"; };
		E5B424BA1D90F2F000FCB78F /* ASIDownloadCache.h */ = {isa = PBXFileReference; fileEncoding = 4; lastKnownFileType = sourcecode.c.h; path = ASIDownloadCache.h; sourceTree = "<group>"; };
		E5B424BB1D90F2F000FCB78F /* ASIDownloadCache.m */ = {isa = PBXFileReference; fileEncoding = 4; lastKnownFileType = sourcecode.c.objc; path = ASIDownloadCache.m; sourceTree = "<group>"; };
		E5B424BC1D90F2F000FCB78F /* ASIFormDataRequest.h */ = {isa = PBXFileReference; fileEncoding = 4; lastKnownFileType = sourcecode.c.h; path = ASIFormDataRequest.h; sourceTree = "<group>"; };
		E5B424BD1D90F2F000FCB78F /* ASIFormDataRequest.m */ = {isa = PBXFileReference; fileEncoding = 4; lastKnownFileType = sourcecode.c.objc; path = ASIFormDataRequest.m; sourceTree = "<group>"; };
		E5B424BE1D90F2F000FCB78F /* ASIHTTPRequest.h */ = {isa = PBXFileReference; fileEncoding = 4; lastKnownFileType = sourcecode.c.h; path = ASIHTTPRequest.h; sourceTree = "<group>"; };
		E5B424BF1D90F2F000FCB78F /* ASIHTTPRequest.m */ = {isa = PBXFileReference; fileEncoding = 4; lastKnownFileType = sourcecode.c.objc; path = ASIHTTPRequest.m; sourceTree = "<group>"; };
		E5B424C01D90F2F000FCB78F /* ASIHTTPRequestConfig.h */ = {isa = PBXFileReference; fileEncoding = 4; lastKnownFileType = sourcecode.c.h; path = ASIHTTPRequestConfig.h; sourceTree = "<group>"; };
		E5B424C11D90F2F000FCB78F /* ASIHTTPRequestDelegate.h */ = {isa = PBXFileReference; fileEncoding = 4; lastKnownFileType = sourcecode.c.h; path = ASIHTTPRequestDelegate.h; sourceTree = "<group>"; };
		E5B424C21D90F2F000FCB78F /* ASIInputStream.h */ = {isa = PBXFileReference; fileEncoding = 4; lastKnownFileType = sourcecode.c.h; path = ASIInputStream.h; sourceTree = "<group>"; };
		E5B424C31D90F2F000FCB78F /* ASIInputStream.m */ = {isa = PBXFileReference; fileEncoding = 4; lastKnownFileType = sourcecode.c.objc; path = ASIInputStream.m; sourceTree = "<group>"; };
		E5B424C41D90F2F000FCB78F /* ASINetworkQueue.h */ = {isa = PBXFileReference; fileEncoding = 4; lastKnownFileType = sourcecode.c.h; path = ASINetworkQueue.h; sourceTree = "<group>"; };
		E5B424C51D90F2F000FCB78F /* ASINetworkQueue.m */ = {isa = PBXFileReference; fileEncoding = 4; lastKnownFileType = sourcecode.c.objc; path = ASINetworkQueue.m; sourceTree = "<group>"; };
		E5B424C61D90F2F000FCB78F /* ASIProgressDelegate.h */ = {isa = PBXFileReference; fileEncoding = 4; lastKnownFileType = sourcecode.c.h; path = ASIProgressDelegate.h; sourceTree = "<group>"; };
		E5B424CF1D910DA800FCB78F /* libz.tbd */ = {isa = PBXFileReference; lastKnownFileType = "sourcecode.text-based-dylib-definition"; name = libz.tbd; path = usr/lib/libz.tbd; sourceTree = SDKROOT; };
		E5B424D11D910DB000FCB78F /* SystemConfiguration.framework */ = {isa = PBXFileReference; lastKnownFileType = wrapper.framework; name = SystemConfiguration.framework; path = System/Library/Frameworks/SystemConfiguration.framework; sourceTree = SDKROOT; };
		E5B424D31D910DC200FCB78F /* MobileCoreServices.framework */ = {isa = PBXFileReference; lastKnownFileType = wrapper.framework; name = MobileCoreServices.framework; path = System/Library/Frameworks/MobileCoreServices.framework; sourceTree = SDKROOT; };
		E5B424D51D910DC900FCB78F /* CFNetwork.framework */ = {isa = PBXFileReference; lastKnownFileType = wrapper.framework; name = CFNetwork.framework; path = System/Library/Frameworks/CFNetwork.framework; sourceTree = SDKROOT; };
		E5B424D71D910E4800FCB78F /* CoreGraphics.framework */ = {isa = PBXFileReference; lastKnownFileType = wrapper.framework; name = CoreGraphics.framework; path = System/Library/Frameworks/CoreGraphics.framework; sourceTree = SDKROOT; };
		E5B424D91D910E9800FCB78F /* libxml2.tbd */ = {isa = PBXFileReference; lastKnownFileType = "sourcecode.text-based-dylib-definition"; name = libxml2.tbd; path = usr/lib/libxml2.tbd; sourceTree = SDKROOT; };
		E5B424DC1D91120700FCB78F /* Reachability.h */ = {isa = PBXFileReference; fileEncoding = 4; lastKnownFileType = sourcecode.c.h; path = Reachability.h; sourceTree = "<group>"; };
		E5B424DD1D91120700FCB78F /* Reachability.m */ = {isa = PBXFileReference; fileEncoding = 4; lastKnownFileType = sourcecode.c.objc; path = Reachability.m; sourceTree = "<group>"; };
		E5B424F41D9128BE00FCB78F /* BJPlayer-PrefixHeader.pch */ = {isa = PBXFileReference; lastKnownFileType = sourcecode.c.h; path = "BJPlayer-PrefixHeader.pch"; sourceTree = "<group>"; };
		E5B424F51D91296C00FCB78F /* CommentData.h */ = {isa = PBXFileReference; lastKnownFileType = sourcecode.c.h; path = CommentData.h; sourceTree = "<group>"; };
		E5D669D31DD417F800810600 /* back.png */ = {isa = PBXFileReference; lastKnownFileType = image.png; path = back.png; sourceTree = "<group>"; };
		E5D669D41DD417F800810600 /* fast.png */ = {isa = PBXFileReference; lastKnownFileType = image.png; path = fast.png; sourceTree = "<group>"; };
		E5D669D51DD417F800810600 /* init_html_off.png */ = {isa = PBXFileReference; lastKnownFileType = image.png; path = init_html_off.png; sourceTree = "<group>"; };
		E5D669D61DD417F800810600 /* init_html_on.png */ = {isa = PBXFileReference; lastKnownFileType = image.png; path = init_html_on.png; sourceTree = "<group>"; };
		E5D669D71DD417F800810600 /* light.png */ = {isa = PBXFileReference; lastKnownFileType = image.png; path = light.png; sourceTree = "<group>"; };
		E5D669D81DD417F800810600 /* point.png */ = {isa = PBXFileReference; lastKnownFileType = image.png; path = point.png; sourceTree = "<group>"; };
		E5D669D91DD417F800810600 /* point0.png */ = {isa = PBXFileReference; lastKnownFileType = image.png; path = point0.png; sourceTree = "<group>"; };
		E5D669DA1DD417F800810600 /* progress.png */ = {isa = PBXFileReference; lastKnownFileType = image.png; path = progress.png; sourceTree = "<group>"; };
		E5D669DB1DD417F800810600 /* progress0.png */ = {isa = PBXFileReference; lastKnownFileType = image.png; path = progress0.png; sourceTree = "<group>"; };
		E5D669DC1DD417F800810600 /* progress_cross.png */ = {isa = PBXFileReference; lastKnownFileType = image.png; path = progress_cross.png; sourceTree = "<group>"; };
		E5D669DD1DD417F800810600 /* progress_cross_o.png */ = {isa = PBXFileReference; lastKnownFileType = image.png; path = progress_cross_o.png; sourceTree = "<group>"; };
		E5D669DE1DD417F800810600 /* progress_cross_ok.png */ = {isa = PBXFileReference; lastKnownFileType = image.png; path = progress_cross_ok.png; sourceTree = "<group>"; };
		E5D669DF1DD417F800810600 /* progress_point.png */ = {isa = PBXFileReference; lastKnownFileType = image.png; path = progress_point.png; sourceTree = "<group>"; };
		E5D669E01DD417F800810600 /* suspended.png */ = {isa = PBXFileReference; lastKnownFileType = image.png; path = suspended.png; sourceTree = "<group>"; };
		E5D669E11DD417F800810600 /* suspended0.png */ = {isa = PBXFileReference; lastKnownFileType = image.png; path = suspended0.png; sourceTree = "<group>"; };
		E5D669E21DD417F800810600 /* video_back.png */ = {isa = PBXFileReference; lastKnownFileType = image.png; path = video_back.png; sourceTree = "<group>"; };
		E5D669E31DD417F800810600 /* video_back_b.png */ = {isa = PBXFileReference; lastKnownFileType = image.png; path = video_back_b.png; sourceTree = "<group>"; };
		E5D669E41DD417F800810600 /* video_back_b0.png */ = {isa = PBXFileReference; lastKnownFileType = image.png; path = video_back_b0.png; sourceTree = "<group>"; };
		E5D669E51DD417F800810600 /* video_directory.png */ = {isa = PBXFileReference; lastKnownFileType = image.png; path = video_directory.png; sourceTree = "<group>"; };
		E5D669E61DD417F800810600 /* video_directory0.png */ = {isa = PBXFileReference; lastKnownFileType = image.png; path = video_directory0.png; sourceTree = "<group>"; };
		E5D669E71DD417F800810600 /* video_episode.png */ = {isa = PBXFileReference; lastKnownFileType = image.png; path = video_episode.png; sourceTree = "<group>"; };
		E5D669E81DD417F800810600 /* video_episode0.png */ = {isa = PBXFileReference; lastKnownFileType = image.png; path = video_episode0.png; sourceTree = "<group>"; };
		E5D669E91DD417F800810600 /* video_lock.png */ = {isa = PBXFileReference; lastKnownFileType = image.png; path = video_lock.png; sourceTree = "<group>"; };
		E5D669EA1DD417F800810600 /* video_lock0.png */ = {isa = PBXFileReference; lastKnownFileType = image.png; path = video_lock0.png; sourceTree = "<group>"; };
		E5D669EB1DD417F800810600 /* video_lock_no.png */ = {isa = PBXFileReference; lastKnownFileType = image.png; path = video_lock_no.png; sourceTree = "<group>"; };
		E5D669EC1DD417F800810600 /* video_lock_no0.png */ = {isa = PBXFileReference; lastKnownFileType = image.png; path = video_lock_no0.png; sourceTree = "<group>"; };
		E5D669ED1DD417F800810600 /* video_max.png */ = {isa = PBXFileReference; lastKnownFileType = image.png; path = video_max.png; sourceTree = "<group>"; };
		E5D669EE1DD417F800810600 /* video_max0.png */ = {isa = PBXFileReference; lastKnownFileType = image.png; path = video_max0.png; sourceTree = "<group>"; };
		E5D669EF1DD417F800810600 /* video_min.png */ = {isa = PBXFileReference; lastKnownFileType = image.png; path = video_min.png; sourceTree = "<group>"; };
		E5D669F01DD417F800810600 /* video_min0.png */ = {isa = PBXFileReference; lastKnownFileType = image.png; path = video_min0.png; sourceTree = "<group>"; };
		E5D669F11DD417F800810600 /* video_next.png */ = {isa = PBXFileReference; lastKnownFileType = image.png; path = video_next.png; sourceTree = "<group>"; };
		E5D669F21DD417F800810600 /* video_next0.png */ = {isa = PBXFileReference; lastKnownFileType = image.png; path = video_next0.png; sourceTree = "<group>"; };
		E5D669F31DD417F800810600 /* video_play.png */ = {isa = PBXFileReference; lastKnownFileType = image.png; path = video_play.png; sourceTree = "<group>"; };
		E5D669F41DD417F800810600 /* video_play0.png */ = {isa = PBXFileReference; lastKnownFileType = image.png; path = video_play0.png; sourceTree = "<group>"; };
		E5D669F51DD417F800810600 /* video_play_x.png */ = {isa = PBXFileReference; lastKnownFileType = image.png; path = video_play_x.png; sourceTree = "<group>"; };
		E5D669F61DD417F800810600 /* video_play_x0.png */ = {isa = PBXFileReference; lastKnownFileType = image.png; path = video_play_x0.png; sourceTree = "<group>"; };
		E5D669F71DD417F800810600 /* video_suspended.png */ = {isa = PBXFileReference; lastKnownFileType = image.png; path = video_suspended.png; sourceTree = "<group>"; };
		E5D669F81DD417F800810600 /* video_suspended0.png */ = {isa = PBXFileReference; lastKnownFileType = image.png; path = video_suspended0.png; sourceTree = "<group>"; };
		E5D669F91DD417F800810600 /* voice.png */ = {isa = PBXFileReference; lastKnownFileType = image.png; path = voice.png; sourceTree = "<group>"; };
		E5D669FA1DD417F800810600 /* voice_no.png */ = {isa = PBXFileReference; lastKnownFileType = image.png; path = voice_no.png; sourceTree = "<group>"; };
		E5D66A231DD4554E00810600 /* GlobalData.h */ = {isa = PBXFileReference; fileEncoding = 4; lastKnownFileType = sourcecode.c.h; path = GlobalData.h; sourceTree = "<group>"; };
		E5D66A241DD4554E00810600 /* GlobalData.m */ = {isa = PBXFileReference; fileEncoding = 4; lastKnownFileType = sourcecode.c.objc; path = GlobalData.m; sourceTree = "<group>"; };
		E5F2D1821E9207F300E5B32A /* LaunchView.xib */ = {isa = PBXFileReference; fileEncoding = 4; lastKnownFileType = file.xib; path = LaunchView.xib; sourceTree = "<group>"; };
		E5F2D1841E92283A00E5B32A /* MainTableModel.h */ = {isa = PBXFileReference; fileEncoding = 4; lastKnownFileType = sourcecode.c.h; path = MainTableModel.h; sourceTree = "<group>"; };
		E5F2D1851E92283A00E5B32A /* MainTableModel.m */ = {isa = PBXFileReference; fileEncoding = 4; lastKnownFileType = sourcecode.c.objc; path = MainTableModel.m; sourceTree = "<group>"; };
/* End PBXFileReference section */

/* Begin PBXFrameworksBuildPhase section */
		E577F0981D8FD8E900CAD0BE /* Frameworks */ = {
			isa = PBXFrameworksBuildPhase;
			buildActionMask = 2147483647;
			files = (
				E5A424261D92231F00AEA1B5 /* libsqlite3.0.tbd in Frameworks */,
				E5B424DA1D910E9800FCB78F /* libxml2.tbd in Frameworks */,
				E5B424D81D910E4800FCB78F /* CoreGraphics.framework in Frameworks */,
				E5B424D61D910DC900FCB78F /* CFNetwork.framework in Frameworks */,
				E5B424D41D910DC200FCB78F /* MobileCoreServices.framework in Frameworks */,
				E5B424D21D910DB000FCB78F /* SystemConfiguration.framework in Frameworks */,
				E5B424D01D910DA800FCB78F /* libz.tbd in Frameworks */,
				8792EC928C2C449622D1B75C /* libPods-BJPlayer.a in Frameworks */,
			);
			runOnlyForDeploymentPostprocessing = 0;
		};
/* End PBXFrameworksBuildPhase section */

/* Begin PBXGroup section */
		C6147CEAFF40D9C5D5DFD3B2 /* Pods */ = {
			isa = PBXGroup;
			children = (
				5846DCD53182F41398D246FD /* Pods-BJPlayer.debug.xcconfig */,
				71772E64FB575DB0EE39781A /* Pods-BJPlayer.release.xcconfig */,
			);
			name = Pods;
			sourceTree = "<group>";
		};
		DE58AF9CA98AF453C3121BA5 /* Frameworks */ = {
			isa = PBXGroup;
			children = (
				620B6E1064BB3E284C44C58B /* libPods-BJPlayer.a */,
			);
			name = Frameworks;
			sourceTree = "<group>";
		};
		E501007B1E95E672001200D7 /* AVPlayer */ = {
			isa = PBXGroup;
			children = (
				E501007C1E95EF07001200D7 /* BJAVPlayerView.h */,
				E501007D1E95EF07001200D7 /* BJAVPlayerView.m */,
				E501007F1E9609B4001200D7 /* BJAVPlayerView.xib */,
			);
			path = AVPlayer;
			sourceTree = "<group>";
		};
		E52F003A1E8F7F9100C22E23 /* Utils */ = {
			isa = PBXGroup;
			children = (
				E52F004B1E8F7F9100C22E23 /* MPPlayer */,
				E501007B1E95E672001200D7 /* AVPlayer */,
				E52F00401E8F7F9100C22E23 /* ASIDownload */,
				E52F00471E8F7F9100C22E23 /* BJRefresh */,
				E52F005C1E8F7F9100C22E23 /* ZDBModel */,
				E52F003B1E8F7F9100C22E23 /* AMProgressView */,
			);
			path = Utils;
			sourceTree = "<group>";
		};
		E52F003B1E8F7F9100C22E23 /* AMProgressView */ = {
			isa = PBXGroup;
			children = (
				E52F003C1E8F7F9100C22E23 /* AMProgressView.h */,
				E52F003D1E8F7F9100C22E23 /* AMProgressView.m */,
				E52F003E1E8F7F9100C22E23 /* AMProgressViewGradient.h */,
				E52F003F1E8F7F9100C22E23 /* AMProgressViewGradient.m */,
			);
			path = AMProgressView;
			sourceTree = "<group>";
		};
		E52F00401E8F7F9100C22E23 /* ASIDownload */ = {
			isa = PBXGroup;
			children = (
				E52F00411E8F7F9100C22E23 /* BaseModel.h */,
				E52F00421E8F7F9100C22E23 /* BaseModel.m */,
				E52F00431E8F7F9100C22E23 /* FileModel.h */,
				E52F00441E8F7F9100C22E23 /* FileModel.m */,
				E52F00451E8F7F9100C22E23 /* FilesDownManage.h */,
				E52F00461E8F7F9100C22E23 /* FilesDownManage.m */,
			);
			path = ASIDownload;
			sourceTree = "<group>";
		};
		E52F00471E8F7F9100C22E23 /* BJRefresh */ = {
			isa = PBXGroup;
			children = (
				E52F00481E8F7F9100C22E23 /* BJRefresh.h */,
				E52F00491E8F7F9100C22E23 /* BJRefresh.m */,
				E52F004A1E8F7F9100C22E23 /* BJRefresh.xib */,
			);
			path = BJRefresh;
			sourceTree = "<group>";
		};
		E52F004B1E8F7F9100C22E23 /* MPPlayer */ = {
			isa = PBXGroup;
			children = (
				E52F00521E8F7F9100C22E23 /* MobilePlayerViewContrl.h */,
				E52F00531E8F7F9100C22E23 /* MobilePlayerViewContrl.m */,
				E52F00541E8F7F9100C22E23 /* MovieControlsView.h */,
				E52F00551E8F7F9100C22E23 /* MovieControlsView.m */,
				E52F004E1E8F7F9100C22E23 /* CourseTableViewContrl.h */,
				E52F004F1E8F7F9100C22E23 /* CourseTableViewContrl.m */,
				E52F004C1E8F7F9100C22E23 /* CourseTableCell.h */,
				E52F004D1E8F7F9100C22E23 /* CourseTableCell.m */,
				E52F00561E8F7F9100C22E23 /* myhintView.h */,
				E52F00571E8F7F9100C22E23 /* myhintView.m */,
				E52F005A1E8F7F9100C22E23 /* topBackView.h */,
				E52F005B1E8F7F9100C22E23 /* topBackView.m */,
				E52F00581E8F7F9100C22E23 /* MyMoviePlayerViewController.h */,
				E52F00591E8F7F9100C22E23 /* MyMoviePlayerViewController.m */,
			);
			path = MPPlayer;
			sourceTree = "<group>";
		};
		E52F005C1E8F7F9100C22E23 /* ZDBModel */ = {
			isa = PBXGroup;
			children = (
				E52F005D1E8F7F9100C22E23 /* UserModel.h */,
				E52F005E1E8F7F9100C22E23 /* UserModel.m */,
				E52F005F1E8F7F9100C22E23 /* ZDBHelper.h */,
				E52F00601E8F7F9100C22E23 /* ZDBHelper.m */,
				E52F00611E8F7F9100C22E23 /* ZDBModel.h */,
				E52F00621E8F7F9100C22E23 /* ZDBModel.m */,
			);
			path = ZDBModel;
			sourceTree = "<group>";
		};
		E52F00781E8F8A7400C22E23 /* AVMVC */ = {
			isa = PBXGroup;
			children = (
				E52F00791E8F8A7400C22E23 /* controllers */,
				E52F007A1E8F8A7400C22E23 /* models */,
				E52F007B1E8F8A7400C22E23 /* views */,
			);
			path = AVMVC;
			sourceTree = "<group>";
		};
		E52F00791E8F8A7400C22E23 /* controllers */ = {
			isa = PBXGroup;
			children = (
				E52F007F1E8F8AC700C22E23 /* AVPlayerViewController.h */,
				E52F00801E8F8AC700C22E23 /* AVPlayerViewController.m */,
			);
			path = controllers;
			sourceTree = "<group>";
		};
		E52F007A1E8F8A7400C22E23 /* models */ = {
			isa = PBXGroup;
			children = (
			);
			path = models;
			sourceTree = "<group>";
		};
		E52F007B1E8F8A7400C22E23 /* views */ = {
			isa = PBXGroup;
			children = (
			);
			path = views;
			sourceTree = "<group>";
		};
		E52F00821E8FA48100C22E23 /* MPMVC */ = {
			isa = PBXGroup;
			children = (
				E52F00831E8FA48100C22E23 /* Controler */,
				E52F008C1E8FA48100C22E23 /* Model */,
				E52F008F1E8FA48100C22E23 /* View */,
			);
			path = MPMVC;
			sourceTree = "<group>";
		};
		E52F00831E8FA48100C22E23 /* Controler */ = {
			isa = PBXGroup;
			children = (
				E52F00861E8FA48100C22E23 /* MainViewCtrl.h */,
				E52F00871E8FA48100C22E23 /* MainViewCtrl.m */,
				E52F008A1E8FA48100C22E23 /* PlayerViewController.h */,
				E52F008B1E8FA48100C22E23 /* PlayerViewController.m */,
				E52F00841E8FA48100C22E23 /* DownloadViewCtrl.h */,
				E52F00851E8FA48100C22E23 /* DownloadViewCtrl.m */,
				E52F00881E8FA48100C22E23 /* MainWebViewController.h */,
				E52F00891E8FA48100C22E23 /* MainWebViewController.m */,
			);
			path = Controler;
			sourceTree = "<group>";
		};
		E52F008C1E8FA48100C22E23 /* Model */ = {
			isa = PBXGroup;
			children = (
				E52F008D1E8FA48100C22E23 /* DownloadModel.h */,
				E52F008E1E8FA48100C22E23 /* DownloadModel.m */,
				E5F2D1841E92283A00E5B32A /* MainTableModel.h */,
				E5F2D1851E92283A00E5B32A /* MainTableModel.m */,
			);
			path = Model;
			sourceTree = "<group>";
		};
		E52F008F1E8FA48100C22E23 /* View */ = {
			isa = PBXGroup;
			children = (
				E52F00901E8FA48100C22E23 /* DownloadedCell.h */,
				E52F00911E8FA48100C22E23 /* DownloadedCell.m */,
				E52F00921E8FA48100C22E23 /* DownloadedCell.xib */,
				E52F00931E8FA48100C22E23 /* DownloadingCell.h */,
				E52F00941E8FA48100C22E23 /* DownloadingCell.m */,
				E52F00951E8FA48100C22E23 /* DownloadingCell.xib */,
				E52F00961E8FA48100C22E23 /* MainTableViewCell.h */,
				E52F00971E8FA48100C22E23 /* MainTableViewCell.m */,
				E52F00981E8FA48100C22E23 /* MainTableViewCell.xib */,
			);
			path = View;
			sourceTree = "<group>";
		};
		E577F0921D8FD8E900CAD0BE = {
			isa = PBXGroup;
			children = (
				E577F09D1D8FD8E900CAD0BE /* BJPlayer */,
				E577F09C1D8FD8E900CAD0BE /* Products */,
				C6147CEAFF40D9C5D5DFD3B2 /* Pods */,
				DE58AF9CA98AF453C3121BA5 /* Frameworks */,
			);
			sourceTree = "<group>";
		};
		E577F09C1D8FD8E900CAD0BE /* Products */ = {
			isa = PBXGroup;
			children = (
				E577F09B1D8FD8E900CAD0BE /* BJPlayer.app */,
			);
			name = Products;
			sourceTree = "<group>";
		};
		E577F09D1D8FD8E900CAD0BE /* BJPlayer */ = {
			isa = PBXGroup;
			children = (
				E577F0B51D8FDAFE00CAD0BE /* Class */,
				E577F0A21D8FD8E900CAD0BE /* AppDelegate.m */,
				E50100811E960FC3001200D7 /* AppDelegate.h */,
				E577F0AA1D8FD8E900CAD0BE /* Assets.xcassets */,
				E577F0AF1D8FD8E900CAD0BE /* Info.plist */,
				E577F09E1D8FD8E900CAD0BE /* Supporting Files */,
			);
			path = BJPlayer;
			sourceTree = "<group>";
		};
		E577F09E1D8FD8E900CAD0BE /* Supporting Files */ = {
			isa = PBXGroup;
			children = (
				E577F09F1D8FD8E900CAD0BE /* main.m */,
				E5B424F41D9128BE00FCB78F /* BJPlayer-PrefixHeader.pch */,
			);
			name = "Supporting Files";
			sourceTree = "<group>";
		};
		E577F0B51D8FDAFE00CAD0BE /* Class */ = {
			isa = PBXGroup;
			children = (
				E52F003A1E8F7F9100C22E23 /* Utils */,
				E577F0B61D8FDAFE00CAD0BE /* Categories */,
				E577F0B71D8FDAFE00CAD0BE /* Config */,
				E577F0B81D8FDAFE00CAD0BE /* Framework */,
				E577F0B91D8FDAFE00CAD0BE /* MainCtrl */,
				E577F0BA1D8FDAFE00CAD0BE /* Resources */,
				E577F0BB1D8FDAFE00CAD0BE /* ThirdLibrary */,
			);
			path = Class;
			sourceTree = "<group>";
		};
		E577F0B61D8FDAFE00CAD0BE /* Categories */ = {
			isa = PBXGroup;
			children = (
			);
			path = Categories;
			sourceTree = "<group>";
		};
		E577F0B71D8FDAFE00CAD0BE /* Config */ = {
			isa = PBXGroup;
			children = (
				E5B424F51D91296C00FCB78F /* CommentData.h */,
				E5D66A231DD4554E00810600 /* GlobalData.h */,
				E5D66A241DD4554E00810600 /* GlobalData.m */,
			);
			path = Config;
			sourceTree = "<group>";
		};
		E577F0B81D8FDAFE00CAD0BE /* Framework */ = {
			isa = PBXGroup;
			children = (
				E5A424251D92231F00AEA1B5 /* libsqlite3.0.tbd */,
				E5B424D91D910E9800FCB78F /* libxml2.tbd */,
				E5B424D71D910E4800FCB78F /* CoreGraphics.framework */,
				E5B424D51D910DC900FCB78F /* CFNetwork.framework */,
				E5B424D31D910DC200FCB78F /* MobileCoreServices.framework */,
				E5B424D11D910DB000FCB78F /* SystemConfiguration.framework */,
				E5B424CF1D910DA800FCB78F /* libz.tbd */,
			);
			path = Framework;
			sourceTree = "<group>";
		};
		E577F0B91D8FDAFE00CAD0BE /* MainCtrl */ = {
			isa = PBXGroup;
			children = (
				E54B2FF31DD98E3F00EC08E4 /* BaseNavigationController.h */,
				E54B2FF41DD98E3F00EC08E4 /* BaseNavigationController.m */,
				E52F007C1E8F8AA800C22E23 /* MainTabBarController.h */,
				E52F007D1E8F8AA800C22E23 /* MainTabBarController.m */,
				E52F00821E8FA48100C22E23 /* MPMVC */,
				E52F00781E8F8A7400C22E23 /* AVMVC */,
			);
			path = MainCtrl;
			sourceTree = "<group>";
		};
		E577F0BA1D8FDAFE00CAD0BE /* Resources */ = {
			isa = PBXGroup;
			children = (
				E5F2D1821E9207F300E5B32A /* LaunchView.xib */,
				E52F00361E8F7F6100C22E23 /* loading.gif */,
				E52F00371E8F7F6100C22E23 /* wildAnimal.mp4 */,
				E5D669D21DD417F800810600 /* video */,
			);
			path = Resources;
			sourceTree = "<group>";
		};
		E577F0BB1D8FDAFE00CAD0BE /* ThirdLibrary */ = {
			isa = PBXGroup;
			children = (
				E5B424DB1D91120700FCB78F /* Reachability */,
				E5B424B21D90F2F000FCB78F /* ASIHTTPRequest */,
			);
			path = ThirdLibrary;
			sourceTree = "<group>";
		};
		E5B424B21D90F2F000FCB78F /* ASIHTTPRequest */ = {
			isa = PBXGroup;
			children = (
				E5B424B31D90F2F000FCB78F /* ASIAuthenticationDialog.h */,
				E5B424B41D90F2F000FCB78F /* ASIAuthenticationDialog.m */,
				E5B424B51D90F2F000FCB78F /* ASICacheDelegate.h */,
				E5B424B61D90F2F000FCB78F /* ASIDataCompressor.h */,
				E5B424B71D90F2F000FCB78F /* ASIDataCompressor.m */,
				E5B424B81D90F2F000FCB78F /* ASIDataDecompressor.h */,
				E5B424B91D90F2F000FCB78F /* ASIDataDecompressor.m */,
				E5B424BA1D90F2F000FCB78F /* ASIDownloadCache.h */,
				E5B424BB1D90F2F000FCB78F /* ASIDownloadCache.m */,
				E5B424BC1D90F2F000FCB78F /* ASIFormDataRequest.h */,
				E5B424BD1D90F2F000FCB78F /* ASIFormDataRequest.m */,
				E5B424BE1D90F2F000FCB78F /* ASIHTTPRequest.h */,
				E5B424BF1D90F2F000FCB78F /* ASIHTTPRequest.m */,
				E5B424C01D90F2F000FCB78F /* ASIHTTPRequestConfig.h */,
				E5B424C11D90F2F000FCB78F /* ASIHTTPRequestDelegate.h */,
				E5B424C21D90F2F000FCB78F /* ASIInputStream.h */,
				E5B424C31D90F2F000FCB78F /* ASIInputStream.m */,
				E5B424C41D90F2F000FCB78F /* ASINetworkQueue.h */,
				E5B424C51D90F2F000FCB78F /* ASINetworkQueue.m */,
				E5B424C61D90F2F000FCB78F /* ASIProgressDelegate.h */,
			);
			path = ASIHTTPRequest;
			sourceTree = "<group>";
		};
		E5B424DB1D91120700FCB78F /* Reachability */ = {
			isa = PBXGroup;
			children = (
				E5B424DC1D91120700FCB78F /* Reachability.h */,
				E5B424DD1D91120700FCB78F /* Reachability.m */,
			);
			path = Reachability;
			sourceTree = "<group>";
		};
		E5D669D21DD417F800810600 /* video */ = {
			isa = PBXGroup;
			children = (
				E5D669D31DD417F800810600 /* back.png */,
				E5D669D41DD417F800810600 /* fast.png */,
				E5D669D51DD417F800810600 /* init_html_off.png */,
				E5D669D61DD417F800810600 /* init_html_on.png */,
				E5D669D71DD417F800810600 /* light.png */,
				E5D669D81DD417F800810600 /* point.png */,
				E5D669D91DD417F800810600 /* point0.png */,
				E5D669DA1DD417F800810600 /* progress.png */,
				E5D669DB1DD417F800810600 /* progress0.png */,
				E5D669DC1DD417F800810600 /* progress_cross.png */,
				E5D669DD1DD417F800810600 /* progress_cross_o.png */,
				E5D669DE1DD417F800810600 /* progress_cross_ok.png */,
				E5D669DF1DD417F800810600 /* progress_point.png */,
				E5D669E01DD417F800810600 /* suspended.png */,
				E5D669E11DD417F800810600 /* suspended0.png */,
				E5D669E21DD417F800810600 /* video_back.png */,
				E5D669E31DD417F800810600 /* video_back_b.png */,
				E5D669E41DD417F800810600 /* video_back_b0.png */,
				E5D669E51DD417F800810600 /* video_directory.png */,
				E5D669E61DD417F800810600 /* video_directory0.png */,
				E5D669E71DD417F800810600 /* video_episode.png */,
				E5D669E81DD417F800810600 /* video_episode0.png */,
				E5D669E91DD417F800810600 /* video_lock.png */,
				E5D669EA1DD417F800810600 /* video_lock0.png */,
				E5D669EB1DD417F800810600 /* video_lock_no.png */,
				E5D669EC1DD417F800810600 /* video_lock_no0.png */,
				E5D669ED1DD417F800810600 /* video_max.png */,
				E5D669EE1DD417F800810600 /* video_max0.png */,
				E5D669EF1DD417F800810600 /* video_min.png */,
				E5D669F01DD417F800810600 /* video_min0.png */,
				E5D669F11DD417F800810600 /* video_next.png */,
				E5D669F21DD417F800810600 /* video_next0.png */,
				E5D669F31DD417F800810600 /* video_play.png */,
				E5D669F41DD417F800810600 /* video_play0.png */,
				E5D669F51DD417F800810600 /* video_play_x.png */,
				E5D669F61DD417F800810600 /* video_play_x0.png */,
				E5D669F71DD417F800810600 /* video_suspended.png */,
				E5D669F81DD417F800810600 /* video_suspended0.png */,
				E5D669F91DD417F800810600 /* voice.png */,
				E5D669FA1DD417F800810600 /* voice_no.png */,
			);
			path = video;
			sourceTree = "<group>";
		};
/* End PBXGroup section */

/* Begin PBXNativeTarget section */
		E577F09A1D8FD8E900CAD0BE /* BJPlayer */ = {
			isa = PBXNativeTarget;
			buildConfigurationList = E577F0B21D8FD8E900CAD0BE /* Build configuration list for PBXNativeTarget "BJPlayer" */;
			buildPhases = (
				698E63E7609A627A315618F0 /* [CP] Check Pods Manifest.lock */,
				E577F0971D8FD8E900CAD0BE /* Sources */,
				E577F0981D8FD8E900CAD0BE /* Frameworks */,
				E577F0991D8FD8E900CAD0BE /* Resources */,
				1DB274F26ECB708C5C952713 /* [CP] Embed Pods Frameworks */,
				F7442FA7EDCB51DE51879B7C /* [CP] Copy Pods Resources */,
			);
			buildRules = (
			);
			dependencies = (
			);
			name = BJPlayer;
			productName = BJPlayer;
			productReference = E577F09B1D8FD8E900CAD0BE /* BJPlayer.app */;
			productType = "com.apple.product-type.application";
		};
/* End PBXNativeTarget section */

/* Begin PBXProject section */
		E577F0931D8FD8E900CAD0BE /* Project object */ = {
			isa = PBXProject;
			attributes = {
				LastUpgradeCheck = 0730;
				ORGANIZATIONNAME = zhangwenjun;
				TargetAttributes = {
					E577F09A1D8FD8E900CAD0BE = {
						CreatedOnToolsVersion = 7.3;
						DevelopmentTeam = D52TEC35MW;
					};
				};
			};
			buildConfigurationList = E577F0961D8FD8E900CAD0BE /* Build configuration list for PBXProject "BJPlayer" */;
			compatibilityVersion = "Xcode 3.2";
			developmentRegion = English;
			hasScannedForEncodings = 0;
			knownRegions = (
				en,
				Base,
			);
			mainGroup = E577F0921D8FD8E900CAD0BE;
			productRefGroup = E577F09C1D8FD8E900CAD0BE /* Products */;
			projectDirPath = "";
			projectRoot = "";
			targets = (
				E577F09A1D8FD8E900CAD0BE /* BJPlayer */,
			);
		};
/* End PBXProject section */

/* Begin PBXResourcesBuildPhase section */
		E577F0991D8FD8E900CAD0BE /* Resources */ = {
			isa = PBXResourcesBuildPhase;
			buildActionMask = 2147483647;
			files = (
				E5D669FD1DD417F800810600 /* init_html_off.png in Resources */,
				E5D66A051DD417F800810600 /* progress_cross_o.png in Resources */,
				E5D66A131DD417F800810600 /* video_lock_no.png in Resources */,
				E5D66A201DD417F800810600 /* video_suspended0.png in Resources */,
				E5D66A001DD417F800810600 /* point.png in Resources */,
				E5D66A1F1DD417F800810600 /* video_suspended.png in Resources */,
				E5D66A0E1DD417F800810600 /* video_directory0.png in Resources */,
				E5D66A1C1DD417F800810600 /* video_play0.png in Resources */,
				E5D66A0C1DD417F800810600 /* video_back_b0.png in Resources */,
				E5D66A091DD417F800810600 /* suspended0.png in Resources */,
				E5F2D1831E9207F300E5B32A /* LaunchView.xib in Resources */,
				E52F00A11E8FA48100C22E23 /* DownloadingCell.xib in Resources */,
				E5D66A111DD417F800810600 /* video_lock.png in Resources */,
				E5D66A041DD417F800810600 /* progress_cross.png in Resources */,
				E5D669FC1DD417F800810600 /* fast.png in Resources */,
				E5D66A031DD417F800810600 /* progress0.png in Resources */,
				E5D66A121DD417F800810600 /* video_lock0.png in Resources */,
				E5D66A0F1DD417F800810600 /* video_episode.png in Resources */,
				E50100801E9609B4001200D7 /* BJAVPlayerView.xib in Resources */,
				E5D66A221DD417F800810600 /* voice_no.png in Resources */,
				E5D66A011DD417F800810600 /* point0.png in Resources */,
				E5D66A1A1DD417F800810600 /* video_next0.png in Resources */,
				E5D66A141DD417F800810600 /* video_lock_no0.png in Resources */,
				E5D66A171DD417F800810600 /* video_min.png in Resources */,
				E5D66A071DD417F800810600 /* progress_point.png in Resources */,
				E5D66A1E1DD417F800810600 /* video_play_x0.png in Resources */,
				E5D669FF1DD417F800810600 /* light.png in Resources */,
				E5D66A081DD417F800810600 /* suspended.png in Resources */,
				E5D66A151DD417F800810600 /* video_max.png in Resources */,
				E5D66A1B1DD417F800810600 /* video_play.png in Resources */,
				E5D66A1D1DD417F800810600 /* video_play_x.png in Resources */,
				E5D66A101DD417F800810600 /* video_episode0.png in Resources */,
				E52F00391E8F7F6100C22E23 /* wildAnimal.mp4 in Resources */,
				E5D66A0D1DD417F800810600 /* video_directory.png in Resources */,
				E5D66A191DD417F800810600 /* video_next.png in Resources */,
				E52F00381E8F7F6100C22E23 /* loading.gif in Resources */,
				E52F00691E8F7F9100C22E23 /* BJRefresh.xib in Resources */,
				E5D66A0B1DD417F800810600 /* video_back_b.png in Resources */,
				E5D669FB1DD417F800810600 /* back.png in Resources */,
				E5D66A161DD417F800810600 /* video_max0.png in Resources */,
				E5D66A0A1DD417F800810600 /* video_back.png in Resources */,
				E5D66A061DD417F800810600 /* progress_cross_ok.png in Resources */,
				E5D66A181DD417F800810600 /* video_min0.png in Resources */,
				E5D669FE1DD417F800810600 /* init_html_on.png in Resources */,
				E5D66A211DD417F800810600 /* voice.png in Resources */,
				E5D66A021DD417F800810600 /* progress.png in Resources */,
				E52F00A31E8FA48100C22E23 /* MainTableViewCell.xib in Resources */,
				E577F0AB1D8FD8E900CAD0BE /* Assets.xcassets in Resources */,
				E52F009F1E8FA48100C22E23 /* DownloadedCell.xib in Resources */,
			);
			runOnlyForDeploymentPostprocessing = 0;
		};
/* End PBXResourcesBuildPhase section */

/* Begin PBXShellScriptBuildPhase section */
		1DB274F26ECB708C5C952713 /* [CP] Embed Pods Frameworks */ = {
			isa = PBXShellScriptBuildPhase;
			buildActionMask = 2147483647;
			files = (
			);
			inputPaths = (
			);
			name = "[CP] Embed Pods Frameworks";
			outputPaths = (
			);
			runOnlyForDeploymentPostprocessing = 0;
			shellPath = /bin/sh;
			shellScript = "\"${SRCROOT}/Pods/Target Support Files/Pods-BJPlayer/Pods-BJPlayer-frameworks.sh\"\n";
			showEnvVarsInLog = 0;
		};
		698E63E7609A627A315618F0 /* [CP] Check Pods Manifest.lock */ = {
			isa = PBXShellScriptBuildPhase;
			buildActionMask = 2147483647;
			files = (
			);
			inputPaths = (
				"${PODS_PODFILE_DIR_PATH}/Podfile.lock",
				"${PODS_ROOT}/Manifest.lock",
			);
			name = "[CP] Check Pods Manifest.lock";
			outputPaths = (
				"$(DERIVED_FILE_DIR)/Pods-BJPlayer-checkManifestLockResult.txt",
			);
			runOnlyForDeploymentPostprocessing = 0;
			shellPath = /bin/sh;
			shellScript = "diff \"${PODS_PODFILE_DIR_PATH}/Podfile.lock\" \"${PODS_ROOT}/Manifest.lock\" > /dev/null\nif [ $? != 0 ] ; then\n    # print error to STDERR\n    echo \"error: The sandbox is not in sync with the Podfile.lock. Run 'pod install' or update your CocoaPods installation.\" >&2\n    exit 1\nfi\n# This output is used by Xcode 'outputs' to avoid re-running this script phase.\necho \"SUCCESS\" > \"${SCRIPT_OUTPUT_FILE_0}\"\n";
			showEnvVarsInLog = 0;
		};
		F7442FA7EDCB51DE51879B7C /* [CP] Copy Pods Resources */ = {
			isa = PBXShellScriptBuildPhase;
			buildActionMask = 2147483647;
			files = (
			);
			inputPaths = (
			);
			name = "[CP] Copy Pods Resources";
			outputPaths = (
			);
			runOnlyForDeploymentPostprocessing = 0;
			shellPath = /bin/sh;
			shellScript = "\"${SRCROOT}/Pods/Target Support Files/Pods-BJPlayer/Pods-BJPlayer-resources.sh\"\n";
			showEnvVarsInLog = 0;
		};
/* End PBXShellScriptBuildPhase section */

/* Begin PBXSourcesBuildPhase section */
		E577F0971D8FD8E900CAD0BE /* Sources */ = {
			isa = PBXSourcesBuildPhase;
			buildActionMask = 2147483647;
			files = (
				E52F00731E8F7F9100C22E23 /* ZDBHelper.m in Sources */,
				E52F007E1E8F8AA800C22E23 /* MainTabBarController.m in Sources */,
				E5B424C71D90F2F000FCB78F /* ASIAuthenticationDialog.m in Sources */,
				E52F00631E8F7F9100C22E23 /* AMProgressView.m in Sources */,
				E52F006B1E8F7F9100C22E23 /* CourseTableViewContrl.m in Sources */,
				E54B2FF51DD98E3F00EC08E4 /* BaseNavigationController.m in Sources */,
				E52F00681E8F7F9100C22E23 /* BJRefresh.m in Sources */,
				E52F006F1E8F7F9100C22E23 /* myhintView.m in Sources */,
				E52F00741E8F7F9100C22E23 /* ZDBModel.m in Sources */,
				E501007E1E95EF07001200D7 /* BJAVPlayerView.m in Sources */,
				E52F00651E8F7F9100C22E23 /* BaseModel.m in Sources */,
				E5B424C81D90F2F000FCB78F /* ASIDataCompressor.m in Sources */,
				E52F006D1E8F7F9100C22E23 /* MobilePlayerViewContrl.m in Sources */,
				E52F00A21E8FA48100C22E23 /* MainTableViewCell.m in Sources */,
				E52F006A1E8F7F9100C22E23 /* CourseTableCell.m in Sources */,
				E52F009E1E8FA48100C22E23 /* DownloadedCell.m in Sources */,
				E5D66A251DD4554E00810600 /* GlobalData.m in Sources */,
				E52F009B1E8FA48100C22E23 /* MainWebViewController.m in Sources */,
				E52F009C1E8FA48100C22E23 /* PlayerViewController.m in Sources */,
				E577F0A31D8FD8E900CAD0BE /* AppDelegate.m in Sources */,
				E52F00721E8F7F9100C22E23 /* UserModel.m in Sources */,
				E52F00641E8F7F9100C22E23 /* AMProgressViewGradient.m in Sources */,
				E5B424CC1D90F2F000FCB78F /* ASIHTTPRequest.m in Sources */,
				E5B424CB1D90F2F000FCB78F /* ASIFormDataRequest.m in Sources */,
				E5B424CA1D90F2F000FCB78F /* ASIDownloadCache.m in Sources */,
				E5B424CD1D90F2F000FCB78F /* ASIInputStream.m in Sources */,
				E5B424C91D90F2F000FCB78F /* ASIDataDecompressor.m in Sources */,
				E52F009D1E8FA48100C22E23 /* DownloadModel.m in Sources */,
				E52F006E1E8F7F9100C22E23 /* MovieControlsView.m in Sources */,
				E52F00661E8F7F9100C22E23 /* FileModel.m in Sources */,
				E52F00701E8F7F9100C22E23 /* MyMoviePlayerViewController.m in Sources */,
				E5B424DE1D91120700FCB78F /* Reachability.m in Sources */,
				E52F00811E8F8AC700C22E23 /* AVPlayerViewController.m in Sources */,
				E52F00711E8F7F9100C22E23 /* topBackView.m in Sources */,
				E52F00991E8FA48100C22E23 /* DownloadViewCtrl.m in Sources */,
				E52F009A1E8FA48100C22E23 /* MainViewCtrl.m in Sources */,
				E52F00671E8F7F9100C22E23 /* FilesDownManage.m in Sources */,
				E52F00A01E8FA48100C22E23 /* DownloadingCell.m in Sources */,
				E5B424CE1D90F2F000FCB78F /* ASINetworkQueue.m in Sources */,
				E5F2D1861E92283A00E5B32A /* MainTableModel.m in Sources */,
				E577F0A01D8FD8E900CAD0BE /* main.m in Sources */,
			);
			runOnlyForDeploymentPostprocessing = 0;
		};
/* End PBXSourcesBuildPhase section */

/* Begin XCBuildConfiguration section */
		E577F0B01D8FD8E900CAD0BE /* Debug */ = {
			isa = XCBuildConfiguration;
			buildSettings = {
				ALWAYS_SEARCH_USER_PATHS = NO;
				CLANG_ANALYZER_NONNULL = YES;
				CLANG_CXX_LANGUAGE_STANDARD = "gnu++0x";
				CLANG_CXX_LIBRARY = "libc++";
				CLANG_ENABLE_MODULES = YES;
				CLANG_ENABLE_OBJC_ARC = YES;
				CLANG_WARN_BOOL_CONVERSION = YES;
				CLANG_WARN_CONSTANT_CONVERSION = YES;
				CLANG_WARN_DIRECT_OBJC_ISA_USAGE = YES_ERROR;
				CLANG_WARN_EMPTY_BODY = YES;
				CLANG_WARN_ENUM_CONVERSION = YES;
				CLANG_WARN_INT_CONVERSION = YES;
				CLANG_WARN_OBJC_ROOT_CLASS = YES_ERROR;
				CLANG_WARN_UNREACHABLE_CODE = YES;
				CLANG_WARN__DUPLICATE_METHOD_MATCH = YES;
				"CODE_SIGN_IDENTITY[sdk=iphoneos*]" = "iPhone Developer";
				COPY_PHASE_STRIP = NO;
				DEBUG_INFORMATION_FORMAT = dwarf;
				ENABLE_STRICT_OBJC_MSGSEND = YES;
				ENABLE_TESTABILITY = YES;
				GCC_C_LANGUAGE_STANDARD = gnu99;
				GCC_DYNAMIC_NO_PIC = NO;
				GCC_NO_COMMON_BLOCKS = YES;
				GCC_OPTIMIZATION_LEVEL = 0;
				GCC_PREPROCESSOR_DEFINITIONS = (
					"DEBUG=1",
					"$(inherited)",
				);
				GCC_WARN_64_TO_32_BIT_CONVERSION = YES;
				GCC_WARN_ABOUT_RETURN_TYPE = YES_ERROR;
				GCC_WARN_UNDECLARED_SELECTOR = YES;
				GCC_WARN_UNINITIALIZED_AUTOS = YES_AGGRESSIVE;
				GCC_WARN_UNUSED_FUNCTION = YES;
				GCC_WARN_UNUSED_VARIABLE = YES;
				IPHONEOS_DEPLOYMENT_TARGET = 9.3;
				MTL_ENABLE_DEBUG_INFO = YES;
				ONLY_ACTIVE_ARCH = YES;
				SDKROOT = iphoneos;
			};
			name = Debug;
		};
		E577F0B11D8FD8E900CAD0BE /* Release */ = {
			isa = XCBuildConfiguration;
			buildSettings = {
				ALWAYS_SEARCH_USER_PATHS = NO;
				CLANG_ANALYZER_NONNULL = YES;
				CLANG_CXX_LANGUAGE_STANDARD = "gnu++0x";
				CLANG_CXX_LIBRARY = "libc++";
				CLANG_ENABLE_MODULES = YES;
				CLANG_ENABLE_OBJC_ARC = YES;
				CLANG_WARN_BOOL_CONVERSION = YES;
				CLANG_WARN_CONSTANT_CONVERSION = YES;
				CLANG_WARN_DIRECT_OBJC_ISA_USAGE = YES_ERROR;
				CLANG_WARN_EMPTY_BODY = YES;
				CLANG_WARN_ENUM_CONVERSION = YES;
				CLANG_WARN_INT_CONVERSION = YES;
				CLANG_WARN_OBJC_ROOT_CLASS = YES_ERROR;
				CLANG_WARN_UNREACHABLE_CODE = YES;
				CLANG_WARN__DUPLICATE_METHOD_MATCH = YES;
				"CODE_SIGN_IDENTITY[sdk=iphoneos*]" = "iPhone Developer";
				COPY_PHASE_STRIP = NO;
				DEBUG_INFORMATION_FORMAT = "dwarf-with-dsym";
				ENABLE_NS_ASSERTIONS = NO;
				ENABLE_STRICT_OBJC_MSGSEND = YES;
				GCC_C_LANGUAGE_STANDARD = gnu99;
				GCC_NO_COMMON_BLOCKS = YES;
				GCC_WARN_64_TO_32_BIT_CONVERSION = YES;
				GCC_WARN_ABOUT_RETURN_TYPE = YES_ERROR;
				GCC_WARN_UNDECLARED_SELECTOR = YES;
				GCC_WARN_UNINITIALIZED_AUTOS = YES_AGGRESSIVE;
				GCC_WARN_UNUSED_FUNCTION = YES;
				GCC_WARN_UNUSED_VARIABLE = YES;
				IPHONEOS_DEPLOYMENT_TARGET = 9.3;
				MTL_ENABLE_DEBUG_INFO = NO;
				SDKROOT = iphoneos;
				VALIDATE_PRODUCT = YES;
			};
			name = Release;
		};
		E577F0B31D8FD8E900CAD0BE /* Debug */ = {
			isa = XCBuildConfiguration;
			baseConfigurationReference = 5846DCD53182F41398D246FD /* Pods-BJPlayer.debug.xcconfig */;
			buildSettings = {
				ASSETCATALOG_COMPILER_APPICON_NAME = AppIcon;
				CODE_SIGN_IDENTITY = "iPhone Developer";
				DEVELOPMENT_TEAM = D52TEC35MW;
				GCC_PREFIX_HEADER = "BJPlayer/BJPlayer-PrefixHeader.pch";
				INFOPLIST_FILE = BJPlayer/Info.plist;
				IPHONEOS_DEPLOYMENT_TARGET = 8.0;
				LD_RUNPATH_SEARCH_PATHS = "$(inherited) @executable_path/Frameworks ${SDK_DIR}/user/include/libxml2";
				PRODUCT_BUNDLE_IDENTIFIER = zhangwenjun.BJPlayer;
				PRODUCT_NAME = "$(TARGET_NAME)";
				PROVISIONING_PROFILE = "";
			};
			name = Debug;
		};
		E577F0B41D8FD8E900CAD0BE /* Release */ = {
			isa = XCBuildConfiguration;
			baseConfigurationReference = 71772E64FB575DB0EE39781A /* Pods-BJPlayer.release.xcconfig */;
			buildSettings = {
				ASSETCATALOG_COMPILER_APPICON_NAME = AppIcon;
				CODE_SIGN_IDENTITY = "iPhone Developer";
				DEVELOPMENT_TEAM = D52TEC35MW;
				GCC_PREFIX_HEADER = "BJPlayer/BJPlayer-PrefixHeader.pch";
				INFOPLIST_FILE = BJPlayer/Info.plist;
				IPHONEOS_DEPLOYMENT_TARGET = 8.0;
				LD_RUNPATH_SEARCH_PATHS = "$(inherited) @executable_path/Frameworks ${SDK_DIR}/user/include/libxml2";
				PRODUCT_BUNDLE_IDENTIFIER = zhangwenjun.BJPlayer;
				PRODUCT_NAME = "$(TARGET_NAME)";
				PROVISIONING_PROFILE = "";
			};
			name = Release;
		};
/* End XCBuildConfiguration section */

/* Begin XCConfigurationList section */
		E577F0961D8FD8E900CAD0BE /* Build configuration list for PBXProject "BJPlayer" */ = {
			isa = XCConfigurationList;
			buildConfigurations = (
				E577F0B01D8FD8E900CAD0BE /* Debug */,
				E577F0B11D8FD8E900CAD0BE /* Release */,
			);
			defaultConfigurationIsVisible = 0;
			defaultConfigurationName = Release;
		};
		E577F0B21D8FD8E900CAD0BE /* Build configuration list for PBXNativeTarget "BJPlayer" */ = {
			isa = XCConfigurationList;
			buildConfigurations = (
				E577F0B31D8FD8E900CAD0BE /* Debug */,
				E577F0B41D8FD8E900CAD0BE /* Release */,
			);
			defaultConfigurationIsVisible = 0;
			defaultConfigurationName = Release;
		};
/* End XCConfigurationList section */
	};
	rootObject = E577F0931D8FD8E900CAD0BE /* Project object */;
}
